{
  "name": "@vscode-memory-leak-finder/postinstall-tools",
  "version": "0.0.0-dev",
  "lockfileVersion": 3,
  "requires": true,
  "packages": {
    "": {
      "name": "@vscode-memory-leak-finder/postinstall-tools",
      "version": "0.0.0-dev",
      "hasInstallScript": true,
      "license": "MIT"
    }
  }
}
