{
  "name": "@vscode-memory-leak-finder/e2e",
  "version": "0.0.0-dev",
  "lockfileVersion": 3,
  "requires": true,
  "packages": {
    "": {
      "name": "@vscode-memory-leak-finder/e2e",
      "version": "0.0.0-dev",
      "license": "MIT",
      "dependencies": {
        "@vscode-memory-leak-finder/core": "file:../core"
      },
      "devDependencies": {
        "tree-kill": "^1.2.2",
        "wait-for-expect": "^3.0.2"
      }
    },
    "../core": {},
    "node_modules/@vscode-memory-leak-finder/core": {
      "resolved": "../core",
      "link": true
    },
    "node_modules/tree-kill": {
      "version": "1.2.2",
      "dev": true,
      "license": "MIT",
      "bin": {
        "tree-kill": "cli.js"
      }
    },
    "node_modules/wait-for-expect": {
      "version": "3.0.2",
      "dev": true,
      "license": "MIT"
    }
  }
}
