{
  "name": "@vscode-memory-leak-finder/heap-snapshot-worker",
  "version": "0.0.0-dev",
  "lockfileVersion": 3,
  "requires": true,
  "packages": {
    "": {
      "name": "@vscode-memory-leak-finder/heap-snapshot-worker",
      "version": "0.0.0-dev",
      "license": "MIT",
      "dependencies": {
        "@lvce-editor/assert": "^1.9.0",
        "@lvce-editor/rpc": "^6.15.0"
      },
      "bin": {
        "heap-snapshot-worker": "bin/heap-snapshot-worker.js"
      },
      "devDependencies": {}
    },
    "node_modules/@lvce-editor/assert": {
      "version": "1.9.0",
      "resolved": "https://registry.npmjs.org/@lvce-editor/assert/-/assert-1.9.0.tgz",
      "integrity": "sha512-EPOXml+iWU38g0h71yv/nPaL1Xz/S72ICORPrR8shtoTqeoZmFzD8bH1dphr/xzYPaU97yEQo1Zen33aH111Uw==",
      "license": "MIT"
    },
    "node_modules/@lvce-editor/command": {
      "version": "2.0.0",
      "resolved": "https://registry.npmjs.org/@lvce-editor/command/-/command-2.0.0.tgz",
      "integrity": "sha512-NZokXOACzuRoIpsHVHx+VhNQwM/QcQ4bl3wc8DgDM/+AxAVT2EU8S9cVQQedtJj94N35zmAB2To6Egm8aifOlw==",
      "license": "MIT"
    },
    "node_modules/@lvce-editor/ipc": {
      "version": "16.9.0",
      "resolved": "https://registry.npmjs.org/@lvce-editor/ipc/-/ipc-16.9.0.tgz",
      "integrity": "sha512-juQVVUIsgJSU/P96JfrLQvz3OE8CDj6X+2ZIqArrT1Ky55TI4m3xwnb2uItMPSTNk6+4zEfSRmxCnXFE57gO0Q==",
      "license": "MIT",
      "dependencies": {
        "@lvce-editor/assert": "^1.5.1",
        "@lvce-editor/verror": "^1.7.0",
        "@lvce-editor/web-socket-server": "^2.1.0",
        "ws": "^8.21.1"
      },
      "engines": {
        "node": ">=22"
      }
    },
    "node_modules/@lvce-editor/json-rpc": {
      "version": "8.5.0",
      "resolved": "https://registry.npmjs.org/@lvce-editor/json-rpc/-/json-rpc-8.5.0.tgz",
      "integrity": "sha512-cBL4jq/DFnbZdyFMk/+nhb3+e4fEPrtyHt0eKPcWb/cauBH5cbju1fwEfmDcT+8oA44ILcF2NoqZ7jnuEeFRgQ==",
      "license": "MIT"
    },
    "node_modules/@lvce-editor/rpc": {
      "version": "6.15.0",
      "resolved": "https://registry.npmjs.org/@lvce-editor/rpc/-/rpc-6.15.0.tgz",
      "integrity": "sha512-+LP6NFwCNPH2SUWrM72NQqUGW8IQ5NgWkuHQloN4Ea1AWoXUmVsgydN7ZZyUDstLIHUiA32conqOy0ujCHzEGw==",
      "license": "MIT",
      "dependencies": {
        "@lvce-editor/assert": "^1.5.1",
        "@lvce-editor/command": "^2.0.0",
        "@lvce-editor/ipc": "^16.9.0",
        "@lvce-editor/json-rpc": "^8.4.0",
        "@lvce-editor/verror": "^1.7.0"
      }
    },
    "node_modules/@lvce-editor/verror": {
      "version": "1.7.0",
      "resolved": "https://registry.npmjs.org/@lvce-editor/verror/-/verror-1.7.0.tgz",
      "integrity": "sha512-+LGuAEIC2L7pbvkyAQVWM2Go0dAy+UWEui28g07zNtZsCBhm+gusBK8PNwLJLV5Jay+TyUYuwLIbJdjLLzqEBg==",
      "license": "MIT"
    },
    "node_modules/@lvce-editor/web-socket-server": {
      "version": "2.1.0",
      "resolved": "https://registry.npmjs.org/@lvce-editor/web-socket-server/-/web-socket-server-2.1.0.tgz",
      "integrity": "sha512-Yldf6nJ4seaFaysYTkkLkOhuJQxkdyX/u01vk1X0dXi21882wMtQbDmYZoAg9rVGWbdBFDIdAJ99pFCAM8eUQA==",
      "license": "MIT",
      "dependencies": {
        "ws": "^8.18.2"
      },
      "engines": {
        "node": ">=22"
      }
    },
    "node_modules/ws": {
      "version": "8.21.1",
      "resolved": "https://registry.npmjs.org/ws/-/ws-8.21.1.tgz",
      "integrity": "sha512-+0NTnW77fFN/DjQi6k/Sq/Yvk4Sgajw7urW8V+asjXnRgDs9gyGkdb7EzgfhA4goXsRIZKE28fzIXBHEzhuiWw==",
      "license": "MIT",
      "engines": {
        "node": ">=10.0.0"
      },
      "peerDependencies": {
        "bufferutil": "^4.0.1",
        "utf-8-validate": ">=5.0.2"
      },
      "peerDependenciesMeta": {
        "bufferutil": {
          "optional": true
        },
        "utf-8-validate": {
          "optional": true
        }
      }
    }
  }
}
