{
  "name": "@vscode-memory-leak-finder/heap-snapshot-worker",
  "version": "0.0.0-dev",
  "lockfileVersion": 3,
  "requires": true,
  "packages": {
    "": {
      "name": "@vscode-memory-leak-finder/heap-snapshot-worker",
      "version": "0.0.0-dev",
      "license": "MIT",
      "dependencies": {
        "@lvce-editor/assert": "^1.2.0",
        "@lvce-editor/verror": "^1.3.0"
      },
      "bin": {
        "memory-leak-worker": "bin/heap-snapshot-worker.js"
      }
    },
    "node_modules/@lvce-editor/assert": {
      "version": "1.2.0",
      "resolved": "https://registry.npmjs.org/@lvce-editor/assert/-/assert-1.2.0.tgz",
      "integrity": "sha512-39suvZMzP6uxW/KG0ASdCyGbx7Z6dJdzDYJLtCXUC7PshJ1405YGlJ+ldD48u+/IH3y13z5sWRntidj7frYHGQ=="
    },
    "node_modules/@lvce-editor/verror": {
      "version": "1.3.0",
      "resolved": "https://registry.npmjs.org/@lvce-editor/verror/-/verror-1.3.0.tgz",
      "integrity": "sha512-7GsD0Dq/TVcllh4UGrlmbIAChK4U4B7yERoNZItUmMmQBdBgKQwyngsiLNDdloPjd+QeK6hwJiESrBETOMns6A=="
    }
  }
}
