{
  "name": "video-recording-worker",
  "version": "0.0.0-dev",
  "lockfileVersion": 3,
  "requires": true,
  "packages": {
    "": {
      "name": "video-recording-worker",
      "version": "0.0.0-dev",
      "license": "MIT",
      "bin": {
        "video-recording-worker": "bin/video-recording-worker.js"
      },
      "devDependencies": {}
    }
  }
}
