{
  "name": "video-recording-worker",
  "version": "0.0.0-dev",
  "lockfileVersion": 3,
  "requires": true,
  "packages": {
    "": {
      "name": "video-recording-worker",
      "version": "0.0.0-dev",
      "license": "MIT",
      "dependencies": {
        "@lvce-editor/verror": "^1.1.1",
        "ws": "^8.14.2"
      },
      "bin": {
        "video-recording-worker": "bin/video-recording-worker.js"
      },
      "devDependencies": {
        "@types/ws": "^8.5.5"
      }
    },
    "node_modules/@lvce-editor/verror": {
      "version": "1.1.1",
      "resolved": "https://registry.npmjs.org/@lvce-editor/verror/-/verror-1.1.1.tgz",
      "integrity": "sha512-ig6K9BAed4vVnuuRt/aVZ1KRQZEGdz8Ja4u5boZ+crVYISQ29acTR0pBl9DA4kBJQYxmRoA3Z+IfW+v/fbpOTQ=="
    },
    "node_modules/@types/node": {
      "version": "20.6.3",
      "resolved": "https://registry.npmjs.org/@types/node/-/node-20.6.3.tgz",
      "integrity": "sha512-HksnYH4Ljr4VQgEy2lTStbCKv/P590tmPe5HqOnv9Gprffgv5WXAY+Y5Gqniu0GGqeTCUdBnzC3QSrzPkBkAMA==",
      "dev": true
    },
    "node_modules/@types/ws": {
      "version": "8.5.5",
      "resolved": "https://registry.npmjs.org/@types/ws/-/ws-8.5.5.tgz",
      "integrity": "sha512-lwhs8hktwxSjf9UaZ9tG5M03PGogvFaH8gUgLNbN9HKIg0dvv6q+gkSuJ8HN4/VbyxkuLzCjlN7GquQ0gUJfIg==",
      "dev": true,
      "dependencies": {
        "@types/node": "*"
      }
    },
    "node_modules/ws": {
      "version": "8.14.2",
      "resolved": "https://registry.npmjs.org/ws/-/ws-8.14.2.tgz",
      "integrity": "sha512-wEBG1ftX4jcglPxgFCMJmZ2PLtSbJ2Peg6TmpJFTbe9GZYOQCDPdMYu/Tm0/bGZkw8paZnJY45J4K2PZrLYq8g==",
      "engines": {
        "node": ">=10.0.0"
      },
      "peerDependencies": {
        "bufferutil": "^4.0.1",
        "utf-8-validate": ">=5.0.2"
      },
      "peerDependenciesMeta": {
        "bufferutil": {
          "optional": true
        },
        "utf-8-validate": {
          "optional": true
        }
      }
    }
  }
}
