{
  "name": "@vscode-memory-leak-finder/storage-worker",
  "version": "0.0.0-dev",
  "lockfileVersion": 3,
  "requires": true,
  "packages": {
    "": {
      "name": "@vscode-memory-leak-finder/storage-worker",
      "version": "0.0.0-dev",
      "license": "MIT",
      "dependencies": {
        "@lvce-editor/rpc": "^4.19.0",
        "@lvce-editor/verror": "^1.7.0",
        "@vscode/sqlite3": "^5.1.8-vscode"
      },
      "bin": {
        "storage-worker": "bin/storage-worker.js"
      }
    },
    "node_modules/@lvce-editor/assert": {
      "version": "1.4.0",
      "resolved": "https://registry.npmjs.org/@lvce-editor/assert/-/assert-1.4.0.tgz",
      "integrity": "sha512-YbsNvT6V1+VM+PJRiQC5VEqAdAeiSMh5flQuioVdTjBHinu+Rbb2qP3uaxiJFjA2KN3k9UUYyvQrEAWYnUtarw==",
      "license": "MIT"
    },
    "node_modules/@lvce-editor/command": {
      "version": "2.0.0",
      "resolved": "https://registry.npmjs.org/@lvce-editor/command/-/command-2.0.0.tgz",
      "integrity": "sha512-NZokXOACzuRoIpsHVHx+VhNQwM/QcQ4bl3wc8DgDM/+AxAVT2EU8S9cVQQedtJj94N35zmAB2To6Egm8aifOlw==",
      "license": "MIT"
    },
    "node_modules/@lvce-editor/ipc": {
      "version": "14.5.0",
      "resolved": "https://registry.npmjs.org/@lvce-editor/ipc/-/ipc-14.5.0.tgz",
      "integrity": "sha512-oji1pNOykFeKX9T0vZdgUO7HH0YwIaMzbK3sUreyoE2xdOWqBt2zlK3kw2FZlvYbmqzb4Pb4qedCjANpD3pqhw==",
      "license": "MIT",
      "dependencies": {
        "@lvce-editor/assert": "^1.4.0",
        "@lvce-editor/verror": "^1.7.0",
        "@lvce-editor/web-socket-server": "^2.1.0"
      },
      "engines": {
        "node": ">=22"
      }
    },
    "node_modules/@lvce-editor/json-rpc": {
      "version": "7.0.0",
      "resolved": "https://registry.npmjs.org/@lvce-editor/json-rpc/-/json-rpc-7.0.0.tgz",
      "integrity": "sha512-vlWYpPZ7NG4Du+ebQT5mtOM74GwV2OLbnQl1NJ5CaJHJKCs628Ns6vytCnKUEscEhD03tTkfu5igd8ahaUz83Q==",
      "license": "MIT"
    },
    "node_modules/@lvce-editor/rpc": {
      "version": "4.19.0",
      "resolved": "https://registry.npmjs.org/@lvce-editor/rpc/-/rpc-4.19.0.tgz",
      "integrity": "sha512-1X9M6xBrsCNB+3YJI4XWLQ2v6+31KzwhvjMdErXwol3y1Ge7Cyg6eXzNHD5X6xx1q/b4501EhOUz2hdc+jB66g==",
      "license": "MIT",
      "dependencies": {
        "@lvce-editor/command": "^2.0.0",
        "@lvce-editor/ipc": "^14.5.0",
        "@lvce-editor/json-rpc": "^7.0.0"
      }
    },
    "node_modules/@lvce-editor/verror": {
      "version": "1.7.0",
      "resolved": "https://registry.npmjs.org/@lvce-editor/verror/-/verror-1.7.0.tgz",
      "integrity": "sha512-+LGuAEIC2L7pbvkyAQVWM2Go0dAy+UWEui28g07zNtZsCBhm+gusBK8PNwLJLV5Jay+TyUYuwLIbJdjLLzqEBg==",
      "license": "MIT"
    },
    "node_modules/@lvce-editor/web-socket-server": {
      "version": "2.1.0",
      "resolved": "https://registry.npmjs.org/@lvce-editor/web-socket-server/-/web-socket-server-2.1.0.tgz",
      "integrity": "sha512-Yldf6nJ4seaFaysYTkkLkOhuJQxkdyX/u01vk1X0dXi21882wMtQbDmYZoAg9rVGWbdBFDIdAJ99pFCAM8eUQA==",
      "license": "MIT",
      "dependencies": {
        "ws": "^8.18.2"
      },
      "engines": {
        "node": ">=22"
      }
    },
    "node_modules/@vscode/sqlite3": {
      "version": "5.1.8-vscode",
      "resolved": "https://registry.npmjs.org/@vscode/sqlite3/-/sqlite3-5.1.8-vscode.tgz",
      "integrity": "sha512-9Ku18yZej1kxS7mh6dhCWxkCof043HljcLIdq+RRJr65QdOeAqPOUJ2i6qXRL63l1Kd72uXV/zLA2SBwhfgiOw==",
      "hasInstallScript": true,
      "license": "BSD-3-Clause",
      "dependencies": {
        "node-addon-api": "^8.2.0",
        "tar": "^6.1.11"
      }
    },
    "node_modules/chownr": {
      "version": "2.0.0",
      "resolved": "https://registry.npmjs.org/chownr/-/chownr-2.0.0.tgz",
      "integrity": "sha512-bIomtDF5KGpdogkLd9VspvFzk9KfpyyGlS8YFVZl7TGPBHL5snIOnxeshwVgPteQ9b4Eydl+pVbIyE1DcvCWgQ==",
      "license": "ISC",
      "engines": {
        "node": ">=10"
      }
    },
    "node_modules/fs-minipass": {
      "version": "2.1.0",
      "resolved": "https://registry.npmjs.org/fs-minipass/-/fs-minipass-2.1.0.tgz",
      "integrity": "sha512-V/JgOLFCS+R6Vcq0slCuaeWEdNC3ouDlJMNIsacH2VtALiu9mV4LPrHc5cDl8k5aw6J8jwgWWpiTo5RYhmIzvg==",
      "license": "ISC",
      "dependencies": {
        "minipass": "^3.0.0"
      },
      "engines": {
        "node": ">= 8"
      }
    },
    "node_modules/fs-minipass/node_modules/minipass": {
      "version": "3.3.6",
      "resolved": "https://registry.npmjs.org/minipass/-/minipass-3.3.6.tgz",
      "integrity": "sha512-DxiNidxSEK+tHG6zOIklvNOwm3hvCrbUrdtzY74U6HKTJxvIDfOUL5W5P2Ghd3DTkhhKPYGqeNUIh5qcM4YBfw==",
      "license": "ISC",
      "dependencies": {
        "yallist": "^4.0.0"
      },
      "engines": {
        "node": ">=8"
      }
    },
    "node_modules/minipass": {
      "version": "5.0.0",
      "resolved": "https://registry.npmjs.org/minipass/-/minipass-5.0.0.tgz",
      "integrity": "sha512-3FnjYuehv9k6ovOEbyOswadCDPX1piCfhV8ncmYtHOjuPwylVWsghTLo7rabjC3Rx5xD4HDx8Wm1xnMF7S5qFQ==",
      "license": "ISC",
      "engines": {
        "node": ">=8"
      }
    },
    "node_modules/minizlib": {
      "version": "2.1.2",
      "resolved": "https://registry.npmjs.org/minizlib/-/minizlib-2.1.2.tgz",
      "integrity": "sha512-bAxsR8BVfj60DWXHE3u30oHzfl4G7khkSuPW+qvpd7jFRHm7dLxOjUk1EHACJ/hxLY8phGJ0YhYHZo7jil7Qdg==",
      "license": "MIT",
      "dependencies": {
        "minipass": "^3.0.0",
        "yallist": "^4.0.0"
      },
      "engines": {
        "node": ">= 8"
      }
    },
    "node_modules/minizlib/node_modules/minipass": {
      "version": "3.3.6",
      "resolved": "https://registry.npmjs.org/minipass/-/minipass-3.3.6.tgz",
      "integrity": "sha512-DxiNidxSEK+tHG6zOIklvNOwm3hvCrbUrdtzY74U6HKTJxvIDfOUL5W5P2Ghd3DTkhhKPYGqeNUIh5qcM4YBfw==",
      "license": "ISC",
      "dependencies": {
        "yallist": "^4.0.0"
      },
      "engines": {
        "node": ">=8"
      }
    },
    "node_modules/mkdirp": {
      "version": "1.0.4",
      "resolved": "https://registry.npmjs.org/mkdirp/-/mkdirp-1.0.4.tgz",
      "integrity": "sha512-vVqVZQyf3WLx2Shd0qJ9xuvqgAyKPLAiqITEtqW0oIUjzo3PePDd6fW9iFz30ef7Ysp/oiWqbhszeGWW2T6Gzw==",
      "license": "MIT",
      "bin": {
        "mkdirp": "bin/cmd.js"
      },
      "engines": {
        "node": ">=10"
      }
    },
    "node_modules/node-addon-api": {
      "version": "8.5.0",
      "resolved": "https://registry.npmjs.org/node-addon-api/-/node-addon-api-8.5.0.tgz",
      "integrity": "sha512-/bRZty2mXUIFY/xU5HLvveNHlswNJej+RnxBjOMkidWfwZzgTbPG1E3K5TOxRLOR+5hX7bSofy8yf1hZevMS8A==",
      "license": "MIT",
      "engines": {
        "node": "^18 || ^20 || >= 21"
      }
    },
    "node_modules/tar": {
      "version": "6.2.1",
      "resolved": "https://registry.npmjs.org/tar/-/tar-6.2.1.tgz",
      "integrity": "sha512-DZ4yORTwrbTj/7MZYq2w+/ZFdI6OZ/f9SFHR+71gIVUZhOQPHzVCLpvRnPgyaMpfWxxk/4ONva3GQSyNIKRv6A==",
      "license": "ISC",
      "dependencies": {
        "chownr": "^2.0.0",
        "fs-minipass": "^2.0.0",
        "minipass": "^5.0.0",
        "minizlib": "^2.1.1",
        "mkdirp": "^1.0.3",
        "yallist": "^4.0.0"
      },
      "engines": {
        "node": ">=10"
      }
    },
    "node_modules/ws": {
      "version": "8.18.3",
      "resolved": "https://registry.npmjs.org/ws/-/ws-8.18.3.tgz",
      "integrity": "sha512-PEIGCY5tSlUt50cqyMXfCzX+oOPqN0vuGqWzbcJ2xvnkzkq46oOpz7dQaTDBdfICb4N14+GARUDw2XV2N4tvzg==",
      "license": "MIT",
      "engines": {
        "node": ">=10.0.0"
      },
      "peerDependencies": {
        "bufferutil": "^4.0.1",
        "utf-8-validate": ">=5.0.2"
      },
      "peerDependenciesMeta": {
        "bufferutil": {
          "optional": true
        },
        "utf-8-validate": {
          "optional": true
        }
      }
    },
    "node_modules/yallist": {
      "version": "4.0.0",
      "resolved": "https://registry.npmjs.org/yallist/-/yallist-4.0.0.tgz",
      "integrity": "sha512-3wdGidZyq5PB084XLES5TpOSRA3wjXAlIWMhum2kRcv/41Sn2emQ0dycQW4uZXLejwKvg6EsvbdlVL+FYEct7A==",
      "license": "ISC"
    }
  }
}
