{
  "name": "@vscode-memory-leak-finder/storage-worker",
  "version": "0.0.0-dev",
  "lockfileVersion": 3,
  "requires": true,
  "packages": {
    "": {
      "name": "@vscode-memory-leak-finder/storage-worker",
      "version": "0.0.0-dev",
      "license": "MIT",
      "dependencies": {
        "@lvce-editor/rpc": "^5.4.0",
        "@lvce-editor/verror": "^1.7.0",
        "@vscode/sqlite3": "^5.1.12-vscode"
      },
      "bin": {
        "storage-worker": "bin/storage-worker.js"
      }
    },
    "node_modules/@isaacs/fs-minipass": {
      "version": "4.0.1",
      "resolved": "https://registry.npmjs.org/@isaacs/fs-minipass/-/fs-minipass-4.0.1.tgz",
      "integrity": "sha512-wgm9Ehl2jpeqP3zw/7mo3kRHFp5MEDhqAdwy1fTGkHAwnkGOVsgpvQhL8B5n1qlb01jV3n/bI0ZfZp5lWA1k4w==",
      "license": "ISC",
      "dependencies": {
        "minipass": "^7.0.4"
      },
      "engines": {
        "node": ">=18.0.0"
      }
    },
    "node_modules/@lvce-editor/assert": {
      "version": "1.5.1",
      "resolved": "https://registry.npmjs.org/@lvce-editor/assert/-/assert-1.5.1.tgz",
      "integrity": "sha512-euS3PuVVjZy06bPFbgTz1yjQ0mY5BgWeYEDb9eQL2ncqYeap0ADy1D57nddlps1VkhHxj1g2ifXkLeIKLkQYJg==",
      "license": "MIT"
    },
    "node_modules/@lvce-editor/command": {
      "version": "2.0.0",
      "resolved": "https://registry.npmjs.org/@lvce-editor/command/-/command-2.0.0.tgz",
      "integrity": "sha512-NZokXOACzuRoIpsHVHx+VhNQwM/QcQ4bl3wc8DgDM/+AxAVT2EU8S9cVQQedtJj94N35zmAB2To6Egm8aifOlw==",
      "license": "MIT"
    },
    "node_modules/@lvce-editor/ipc": {
      "version": "14.7.0",
      "resolved": "https://registry.npmjs.org/@lvce-editor/ipc/-/ipc-14.7.0.tgz",
      "integrity": "sha512-O/bt6OHcDPBmhkxQNpqA08EoxI8fpEvtpzye5O4GowH08/BvTAsRVocmPFioDNAL1no40vDg0eYFHg0frh1daQ==",
      "license": "MIT",
      "dependencies": {
        "@lvce-editor/assert": "^1.5.1",
        "@lvce-editor/verror": "^1.7.0",
        "@lvce-editor/web-socket-server": "^2.1.0"
      },
      "engines": {
        "node": ">=22"
      }
    },
    "node_modules/@lvce-editor/json-rpc": {
      "version": "7.2.0",
      "resolved": "https://registry.npmjs.org/@lvce-editor/json-rpc/-/json-rpc-7.2.0.tgz",
      "integrity": "sha512-zslYa6B7qzsvVCbSXp9XYDRlPiRVVdFzen1lhNtRbJ4mZxp8IZnbj+YmM8VA4SKnr7m8Ebo9OWwN28sPzjInjQ==",
      "license": "MIT"
    },
    "node_modules/@lvce-editor/rpc": {
      "version": "5.4.0",
      "resolved": "https://registry.npmjs.org/@lvce-editor/rpc/-/rpc-5.4.0.tgz",
      "integrity": "sha512-1nER1yzELNjYBBohmOGCBJsEq+4LW6CxD6aEnxWEzaXbhR7SI1Twt8Hd9UiVh28VnyZ2qA0+reKycnX1ocWf+A==",
      "license": "MIT",
      "dependencies": {
        "@lvce-editor/command": "^2.0.0",
        "@lvce-editor/ipc": "^14.7.0",
        "@lvce-editor/json-rpc": "^7.2.0"
      }
    },
    "node_modules/@lvce-editor/verror": {
      "version": "1.7.0",
      "resolved": "https://registry.npmjs.org/@lvce-editor/verror/-/verror-1.7.0.tgz",
      "integrity": "sha512-+LGuAEIC2L7pbvkyAQVWM2Go0dAy+UWEui28g07zNtZsCBhm+gusBK8PNwLJLV5Jay+TyUYuwLIbJdjLLzqEBg==",
      "license": "MIT"
    },
    "node_modules/@lvce-editor/web-socket-server": {
      "version": "2.1.0",
      "resolved": "https://registry.npmjs.org/@lvce-editor/web-socket-server/-/web-socket-server-2.1.0.tgz",
      "integrity": "sha512-Yldf6nJ4seaFaysYTkkLkOhuJQxkdyX/u01vk1X0dXi21882wMtQbDmYZoAg9rVGWbdBFDIdAJ99pFCAM8eUQA==",
      "license": "MIT",
      "dependencies": {
        "ws": "^8.18.2"
      },
      "engines": {
        "node": ">=22"
      }
    },
    "node_modules/@vscode/sqlite3": {
      "version": "5.1.12-vscode",
      "resolved": "https://registry.npmjs.org/@vscode/sqlite3/-/sqlite3-5.1.12-vscode.tgz",
      "integrity": "sha512-WLTftbMtK3Ni0s+q46qtKJ2CFtA3YrS5N4GcrETDCxqNTQAvk1LlYlG3RwGE6vZLcUqPt3TCHobijYeNUhEQ9Q==",
      "hasInstallScript": true,
      "license": "BSD-3-Clause",
      "dependencies": {
        "node-addon-api": "^8.2.0",
        "tar": "^7.5.4"
      }
    },
    "node_modules/chownr": {
      "version": "3.0.0",
      "resolved": "https://registry.npmjs.org/chownr/-/chownr-3.0.0.tgz",
      "integrity": "sha512-+IxzY9BZOQd/XuYPRmrvEVjF/nqj5kgT4kEq7VofrDoM1MxoRjEWkrCC3EtLi59TVawxTAn+orJwFQcrqEN1+g==",
      "license": "BlueOak-1.0.0",
      "engines": {
        "node": ">=18"
      }
    },
    "node_modules/minipass": {
      "version": "7.1.2",
      "resolved": "https://registry.npmjs.org/minipass/-/minipass-7.1.2.tgz",
      "integrity": "sha512-qOOzS1cBTWYF4BH8fVePDBOO9iptMnGUEZwNc/cMWnTV2nVLZ7VoNWEPHkYczZA0pdoA7dl6e7FL659nX9S2aw==",
      "license": "ISC",
      "engines": {
        "node": ">=16 || 14 >=14.17"
      }
    },
    "node_modules/minizlib": {
      "version": "3.1.0",
      "resolved": "https://registry.npmjs.org/minizlib/-/minizlib-3.1.0.tgz",
      "integrity": "sha512-KZxYo1BUkWD2TVFLr0MQoM8vUUigWD3LlD83a/75BqC+4qE0Hb1Vo5v1FgcfaNXvfXzr+5EhQ6ing/CaBijTlw==",
      "license": "MIT",
      "dependencies": {
        "minipass": "^7.1.2"
      },
      "engines": {
        "node": ">= 18"
      }
    },
    "node_modules/node-addon-api": {
      "version": "8.5.0",
      "resolved": "https://registry.npmjs.org/node-addon-api/-/node-addon-api-8.5.0.tgz",
      "integrity": "sha512-/bRZty2mXUIFY/xU5HLvveNHlswNJej+RnxBjOMkidWfwZzgTbPG1E3K5TOxRLOR+5hX7bSofy8yf1hZevMS8A==",
      "license": "MIT",
      "engines": {
        "node": "^18 || ^20 || >= 21"
      }
    },
    "node_modules/tar": {
      "version": "7.5.6",
      "resolved": "https://registry.npmjs.org/tar/-/tar-7.5.6.tgz",
      "integrity": "sha512-xqUeu2JAIJpXyvskvU3uvQW8PAmHrtXp2KDuMJwQqW8Sqq0CaZBAQ+dKS3RBXVhU4wC5NjAdKrmh84241gO9cA==",
      "license": "BlueOak-1.0.0",
      "dependencies": {
        "@isaacs/fs-minipass": "^4.0.0",
        "chownr": "^3.0.0",
        "minipass": "^7.1.2",
        "minizlib": "^3.1.0",
        "yallist": "^5.0.0"
      },
      "engines": {
        "node": ">=18"
      }
    },
    "node_modules/ws": {
      "version": "8.19.0",
      "resolved": "https://registry.npmjs.org/ws/-/ws-8.19.0.tgz",
      "integrity": "sha512-blAT2mjOEIi0ZzruJfIhb3nps74PRWTCz1IjglWEEpQl5XS/UNama6u2/rjFkDDouqr4L67ry+1aGIALViWjDg==",
      "license": "MIT",
      "engines": {
        "node": ">=10.0.0"
      },
      "peerDependencies": {
        "bufferutil": "^4.0.1",
        "utf-8-validate": ">=5.0.2"
      },
      "peerDependenciesMeta": {
        "bufferutil": {
          "optional": true
        },
        "utf-8-validate": {
          "optional": true
        }
      }
    },
    "node_modules/yallist": {
      "version": "5.0.0",
      "resolved": "https://registry.npmjs.org/yallist/-/yallist-5.0.0.tgz",
      "integrity": "sha512-YgvUTfwqyc7UXVMrB+SImsVYSmTS8X/tSrtdNZMImM+n7+QTriRXyXim0mBrTXNeqzVF0KWGgHPeiyViFFrNDw==",
      "license": "BlueOak-1.0.0",
      "engines": {
        "node": ">=18"
      }
    }
  }
}
