{
  "name": "@vscode-memory-leak-finder/heap-snapshot-parsing-worker",
  "version": "0.0.0-dev",
  "lockfileVersion": 3,
  "requires": true,
  "packages": {
    "": {
      "name": "@vscode-memory-leak-finder/heap-snapshot-parsing-worker",
      "version": "0.0.0-dev",
      "license": "MIT",
      "bin": {
        "heap-snapshot-parsing-worker": "bin/heap-snapshot-parsing-worker.js"
      },
      "devDependencies": {}
    }
  }
}
