{
  "name": "@vscode-memory-leak-finder/function-tracker",
  "version": "0.0.0-dev",
  "lockfileVersion": 3,
  "requires": true,
  "packages": {
    "": {
      "name": "@vscode-memory-leak-finder/function-tracker",
      "version": "0.0.0-dev",
      "dependencies": {
        "@babel/core": "^8.0.0",
        "@babel/generator": "^8.0.0",
        "@babel/parser": "^8.0.0",
        "@babel/traverse": "^8.0.0",
        "@babel/types": "^8.0.0",
        "@lvce-editor/assert": "^1.5.1",
        "@lvce-editor/rpc": "^6.4.0",
        "@lvce-editor/verror": "^1.7.0"
      }
    },
    "node_modules/@babel/code-frame": {
      "version": "8.0.0",
      "resolved": "https://registry.npmjs.org/@babel/code-frame/-/code-frame-8.0.0.tgz",
      "integrity": "sha512-dYYg153EyN2Ekbqw2zAsbd6/JR+9N2SEoC7YV2GyyqMM7x9bLDTjBD6XBhSMLH0wtIVyJj03jWNriQhaN+eoCw==",
      "license": "MIT",
      "dependencies": {
        "@babel/helper-validator-identifier": "^8.0.0",
        "js-tokens": "^10.0.0"
      },
      "engines": {
        "node": "^22.18.0 || >=24.11.0"
      }
    },
    "node_modules/@babel/compat-data": {
      "version": "8.0.0",
      "resolved": "https://registry.npmjs.org/@babel/compat-data/-/compat-data-8.0.0.tgz",
      "integrity": "sha512-DOjnob/cXOUgDOozCDeq/aK2p5y8dUIVdf6tNhEV1HQRd6I8aQ4f4fbtHRVEvb6lP3BGomrKHiS8ICAASSVQSw==",
      "license": "MIT",
      "engines": {
        "node": "^22.18.0 || >=24.11.0"
      }
    },
    "node_modules/@babel/core": {
      "version": "8.0.0",
      "resolved": "https://registry.npmjs.org/@babel/core/-/core-8.0.0.tgz",
      "integrity": "sha512-i4r3sKX4MAmOnHMCCNjN0PQ8ZA6V4GobBcMBZrJyKW48S7eV0SlKUlZxw2FXkBbXzWQ8JoQQnpbD9tt1Hc+9Mw==",
      "license": "MIT",
      "dependencies": {
        "@babel/code-frame": "^8.0.0",
        "@babel/generator": "^8.0.0",
        "@babel/helper-compilation-targets": "^8.0.0",
        "@babel/helpers": "^8.0.0",
        "@babel/parser": "^8.0.0",
        "@babel/template": "^8.0.0",
        "@babel/traverse": "^8.0.0",
        "@babel/types": "^8.0.0",
        "@types/gensync": "^1.0.5",
        "convert-source-map": "^2.0.0",
        "empathic": "^2.0.1",
        "gensync": "^1.0.0-beta.2",
        "import-meta-resolve": "^4.2.0",
        "json5": "^2.2.3",
        "obug": "^2.1.1",
        "semver": "^7.7.3"
      },
      "engines": {
        "node": "^22.18.0 || >=24.11.0"
      },
      "funding": {
        "type": "opencollective",
        "url": "https://opencollective.com/babel"
      }
    },
    "node_modules/@babel/generator": {
      "version": "8.0.0",
      "resolved": "https://registry.npmjs.org/@babel/generator/-/generator-8.0.0.tgz",
      "integrity": "sha512-NT9NrVwJsbSV6Y2FSstWa71EETOnzrjkL5/wX3D2mYHtKM+qvqB1DvR4D0Setb/gDBsHzRICifwEWMO8CnTF6g==",
      "license": "MIT",
      "dependencies": {
        "@babel/parser": "^8.0.0",
        "@babel/types": "^8.0.0",
        "@jridgewell/gen-mapping": "^0.3.12",
        "@jridgewell/trace-mapping": "^0.3.28",
        "@types/jsesc": "^2.5.0",
        "jsesc": "^3.0.2"
      },
      "engines": {
        "node": "^22.18.0 || >=24.11.0"
      }
    },
    "node_modules/@babel/helper-compilation-targets": {
      "version": "8.0.0",
      "resolved": "https://registry.npmjs.org/@babel/helper-compilation-targets/-/helper-compilation-targets-8.0.0.tgz",
      "integrity": "sha512-JwculLABZvyPvyLBpwU/E/IbH2uM3mnxNtIJpxnIfb24y1PrdVxK5Dqjle4DpgqpGRnwgC7G8IkzPdSXZrO1Ew==",
      "license": "MIT",
      "dependencies": {
        "@babel/compat-data": "^8.0.0",
        "@babel/helper-validator-option": "^8.0.0",
        "browserslist": "^4.24.0",
        "lru-cache": "^11.0.0",
        "semver": "^7.7.3"
      },
      "engines": {
        "node": "^22.18.0 || >=24.11.0"
      }
    },
    "node_modules/@babel/helper-globals": {
      "version": "8.0.0",
      "resolved": "https://registry.npmjs.org/@babel/helper-globals/-/helper-globals-8.0.0.tgz",
      "integrity": "sha512-lLozHOM6sWWlxNo8CYqHy4MBZeTvHXNgVPBfPOGsjPKUzHC2Az9QwB6gxdQmpwHl6GlQtbGgS+lj5887guDiLw==",
      "license": "MIT",
      "engines": {
        "node": "^22.18.0 || >=24.11.0"
      }
    },
    "node_modules/@babel/helper-string-parser": {
      "version": "8.0.0",
      "resolved": "https://registry.npmjs.org/@babel/helper-string-parser/-/helper-string-parser-8.0.0.tgz",
      "integrity": "sha512-6mJgmFFFIIO82vvoLt9XtRC7/TkzXfts1t/SpRX4IHSzMgqoPYCWesVu1udUPUWioAE/2fcG6WuI8zrkE1gwrg==",
      "license": "MIT",
      "engines": {
        "node": "^22.18.0 || >=24.11.0"
      }
    },
    "node_modules/@babel/helper-validator-identifier": {
      "version": "8.0.0",
      "resolved": "https://registry.npmjs.org/@babel/helper-validator-identifier/-/helper-validator-identifier-8.0.0.tgz",
      "integrity": "sha512-kXxQVZHNOctSJJsqzmcbPSCEkM6oHNnDIkua7g9RCO9xRHj2eCiKvRx2KPdfWR9QxcGWnK/oArrtunmie3rL9g==",
      "license": "MIT",
      "engines": {
        "node": "^22.18.0 || >=24.11.0"
      }
    },
    "node_modules/@babel/helper-validator-option": {
      "version": "8.0.0",
      "resolved": "https://registry.npmjs.org/@babel/helper-validator-option/-/helper-validator-option-8.0.0.tgz",
      "integrity": "sha512-U4Dybxh4WESWHt5XhBeExi4DrY0/DNK1aHpQbsrQXCUbFHuMweT0TpLEWKvaraV2Y6fS+ZXunsZ8zIuZIgvF2Q==",
      "license": "MIT",
      "engines": {
        "node": "^22.18.0 || >=24.11.0"
      }
    },
    "node_modules/@babel/helpers": {
      "version": "8.0.0",
      "resolved": "https://registry.npmjs.org/@babel/helpers/-/helpers-8.0.0.tgz",
      "integrity": "sha512-wfbi91pM3py96oIiJEz7qIpyXDytgr9zQC1HEWwlGNVRAEmItuU/0a41ZUKu1sJGyhhOIpc4t5vk4PYzt8wpsg==",
      "license": "MIT",
      "dependencies": {
        "@babel/template": "^8.0.0",
        "@babel/types": "^8.0.0"
      },
      "engines": {
        "node": "^22.18.0 || >=24.11.0"
      }
    },
    "node_modules/@babel/parser": {
      "version": "8.0.0",
      "resolved": "https://registry.npmjs.org/@babel/parser/-/parser-8.0.0.tgz",
      "integrity": "sha512-aLxAE+imI9bCcyaPrUDjBv3uSkWieifjLe0kuFOZF0zli0L6GCsTmsePnTr55adbIAgYz2zhN1vnFimCBUYcRQ==",
      "license": "MIT",
      "dependencies": {
        "@babel/types": "^8.0.0"
      },
      "bin": {
        "parser": "bin/babel-parser.js"
      },
      "engines": {
        "node": "^22.18.0 || >=24.11.0"
      }
    },
    "node_modules/@babel/template": {
      "version": "8.0.0",
      "resolved": "https://registry.npmjs.org/@babel/template/-/template-8.0.0.tgz",
      "integrity": "sha512-eAD0QW/AlbamBbw0FeGiwasbCVPq5ncW0HNVyLP3B9czqLyh4gvw+5JTSNt6le9+ziAU7mqDZsKTHf3jTb4chQ==",
      "license": "MIT",
      "dependencies": {
        "@babel/code-frame": "^8.0.0",
        "@babel/parser": "^8.0.0",
        "@babel/types": "^8.0.0"
      },
      "engines": {
        "node": "^22.18.0 || >=24.11.0"
      }
    },
    "node_modules/@babel/traverse": {
      "version": "8.0.0",
      "resolved": "https://registry.npmjs.org/@babel/traverse/-/traverse-8.0.0.tgz",
      "integrity": "sha512-bxTj/W2VclGE6CctlfQOpxg8MPDzXArRqkOBePw8EHfebcjF7fETWSS3BriEECo+UiU/Yblq+xUtSImFu7cTbw==",
      "license": "MIT",
      "dependencies": {
        "@babel/code-frame": "^8.0.0",
        "@babel/generator": "^8.0.0",
        "@babel/helper-globals": "^8.0.0",
        "@babel/parser": "^8.0.0",
        "@babel/template": "^8.0.0",
        "@babel/types": "^8.0.0",
        "obug": "^2.1.1"
      },
      "engines": {
        "node": "^22.18.0 || >=24.11.0"
      }
    },
    "node_modules/@babel/types": {
      "version": "8.0.0",
      "resolved": "https://registry.npmjs.org/@babel/types/-/types-8.0.0.tgz",
      "integrity": "sha512-K8ponJDxBwDHigkeFqaqT5wLGl4bTlwMafR8k7b5CPxr6Ww+UG9ls8Yx6Tcpboxu97eeGVEEyKcHmEyOwN1vSw==",
      "license": "MIT",
      "dependencies": {
        "@babel/helper-string-parser": "^8.0.0",
        "@babel/helper-validator-identifier": "^8.0.0"
      },
      "engines": {
        "node": "^22.18.0 || >=24.11.0"
      }
    },
    "node_modules/@jridgewell/gen-mapping": {
      "version": "0.3.13",
      "resolved": "https://registry.npmjs.org/@jridgewell/gen-mapping/-/gen-mapping-0.3.13.tgz",
      "integrity": "sha512-2kkt/7niJ6MgEPxF0bYdQ6etZaA+fQvDcLKckhy1yIQOzaoKjBBjSj63/aLVjYE3qhRt5dvM+uUyfCg6UKCBbA==",
      "license": "MIT",
      "dependencies": {
        "@jridgewell/sourcemap-codec": "^1.5.0",
        "@jridgewell/trace-mapping": "^0.3.24"
      }
    },
    "node_modules/@jridgewell/resolve-uri": {
      "version": "3.1.2",
      "resolved": "https://registry.npmjs.org/@jridgewell/resolve-uri/-/resolve-uri-3.1.2.tgz",
      "integrity": "sha512-bRISgCIjP20/tbWSPWMEi54QVPRZExkuD9lJL+UIxUKtwVJA8wW1Trb1jMs1RFXo1CBTNZ/5hpC9QvmKWdopKw==",
      "license": "MIT",
      "engines": {
        "node": ">=6.0.0"
      }
    },
    "node_modules/@jridgewell/sourcemap-codec": {
      "version": "1.5.5",
      "resolved": "https://registry.npmjs.org/@jridgewell/sourcemap-codec/-/sourcemap-codec-1.5.5.tgz",
      "integrity": "sha512-cYQ9310grqxueWbl+WuIUIaiUaDcj7WOq5fVhEljNVgRfOUhY9fy2zTvfoqWsnebh8Sl70VScFbICvJnLKB0Og==",
      "license": "MIT"
    },
    "node_modules/@jridgewell/trace-mapping": {
      "version": "0.3.31",
      "resolved": "https://registry.npmjs.org/@jridgewell/trace-mapping/-/trace-mapping-0.3.31.tgz",
      "integrity": "sha512-zzNR+SdQSDJzc8joaeP8QQoCQr8NuYx2dIIytl1QeBEZHJ9uW6hebsrYgbz8hJwUQao3TWCMtmfV8Nu1twOLAw==",
      "license": "MIT",
      "dependencies": {
        "@jridgewell/resolve-uri": "^3.1.0",
        "@jridgewell/sourcemap-codec": "^1.4.14"
      }
    },
    "node_modules/@lvce-editor/assert": {
      "version": "1.5.1",
      "resolved": "https://registry.npmjs.org/@lvce-editor/assert/-/assert-1.5.1.tgz",
      "integrity": "sha512-euS3PuVVjZy06bPFbgTz1yjQ0mY5BgWeYEDb9eQL2ncqYeap0ADy1D57nddlps1VkhHxj1g2ifXkLeIKLkQYJg==",
      "license": "MIT"
    },
    "node_modules/@lvce-editor/command": {
      "version": "2.0.0",
      "resolved": "https://registry.npmjs.org/@lvce-editor/command/-/command-2.0.0.tgz",
      "integrity": "sha512-NZokXOACzuRoIpsHVHx+VhNQwM/QcQ4bl3wc8DgDM/+AxAVT2EU8S9cVQQedtJj94N35zmAB2To6Egm8aifOlw==",
      "license": "MIT"
    },
    "node_modules/@lvce-editor/ipc": {
      "version": "15.0.0",
      "resolved": "https://registry.npmjs.org/@lvce-editor/ipc/-/ipc-15.0.0.tgz",
      "integrity": "sha512-PY8HVhuShfGaTgTSgrsgwgv7Po3WPkgh9AlilgYull4yFPKYZphlGogMSudxq+IsdhKYjD7hdncUEoox+idXiQ==",
      "license": "MIT",
      "dependencies": {
        "@lvce-editor/assert": "^1.5.1",
        "@lvce-editor/verror": "^1.7.0",
        "@lvce-editor/web-socket-server": "^2.1.0"
      },
      "engines": {
        "node": ">=22"
      }
    },
    "node_modules/@lvce-editor/json-rpc": {
      "version": "8.0.0",
      "resolved": "https://registry.npmjs.org/@lvce-editor/json-rpc/-/json-rpc-8.0.0.tgz",
      "integrity": "sha512-mjeSYYd0qJ0Jz3vpEucBnikdbIFsdmewDX/EkVLHw7obYh0WUXr9f3u528nVAHskrUpb8/IsZY4ynJ0Uaar9bA==",
      "license": "MIT"
    },
    "node_modules/@lvce-editor/rpc": {
      "version": "6.4.0",
      "resolved": "https://registry.npmjs.org/@lvce-editor/rpc/-/rpc-6.4.0.tgz",
      "integrity": "sha512-AhIyFrPz9/9usLNSLNdMtHxSmrfYw4TfJXRMV19px/eYOv+Y20pEq3O31HtKejZaUVRUbPhhJ0EOa0z9YsGAcA==",
      "license": "MIT",
      "dependencies": {
        "@lvce-editor/assert": "^1.5.1",
        "@lvce-editor/command": "^2.0.0",
        "@lvce-editor/ipc": "^15.0.0",
        "@lvce-editor/json-rpc": "^8.0.0"
      }
    },
    "node_modules/@lvce-editor/verror": {
      "version": "1.7.0",
      "resolved": "https://registry.npmjs.org/@lvce-editor/verror/-/verror-1.7.0.tgz",
      "integrity": "sha512-+LGuAEIC2L7pbvkyAQVWM2Go0dAy+UWEui28g07zNtZsCBhm+gusBK8PNwLJLV5Jay+TyUYuwLIbJdjLLzqEBg==",
      "license": "MIT"
    },
    "node_modules/@lvce-editor/web-socket-server": {
      "version": "2.1.0",
      "resolved": "https://registry.npmjs.org/@lvce-editor/web-socket-server/-/web-socket-server-2.1.0.tgz",
      "integrity": "sha512-Yldf6nJ4seaFaysYTkkLkOhuJQxkdyX/u01vk1X0dXi21882wMtQbDmYZoAg9rVGWbdBFDIdAJ99pFCAM8eUQA==",
      "license": "MIT",
      "dependencies": {
        "ws": "^8.18.2"
      },
      "engines": {
        "node": ">=22"
      }
    },
    "node_modules/@types/gensync": {
      "version": "1.0.5",
      "resolved": "https://registry.npmjs.org/@types/gensync/-/gensync-1.0.5.tgz",
      "integrity": "sha512-MbsRCT7mTikHwKZ0X+LVUTLRrZZRLipTuXEO9qOYO+zmjMVk81axyClMROf6uoPD9MRVu46bx8zoR0Ad9q3NAg==",
      "license": "MIT"
    },
    "node_modules/@types/jsesc": {
      "version": "2.5.1",
      "resolved": "https://registry.npmjs.org/@types/jsesc/-/jsesc-2.5.1.tgz",
      "integrity": "sha512-9VN+6yxLOPLOav+7PwjZbxiID2bVaeq0ED4qSQmdQTdjnXJSaCVKTR58t15oqH1H5t8Ng2ZX1SabJVoN9Q34bw==",
      "license": "MIT"
    },
    "node_modules/baseline-browser-mapping": {
      "version": "2.10.37",
      "resolved": "https://registry.npmjs.org/baseline-browser-mapping/-/baseline-browser-mapping-2.10.37.tgz",
      "integrity": "sha512-girxaJ7WZssDOFhzCGZTDKoTa1gk6A1TbflaYTpykLJ4UU9Fz9kx1aREM8JCuoVHbL8X8T/mJg7w2oYSq72Oig==",
      "license": "Apache-2.0",
      "bin": {
        "baseline-browser-mapping": "dist/cli.cjs"
      },
      "engines": {
        "node": ">=6.0.0"
      }
    },
    "node_modules/browserslist": {
      "version": "4.28.2",
      "resolved": "https://registry.npmjs.org/browserslist/-/browserslist-4.28.2.tgz",
      "integrity": "sha512-48xSriZYYg+8qXna9kwqjIVzuQxi+KYWp2+5nCYnYKPTr0LvD89Jqk2Or5ogxz0NUMfIjhh2lIUX/LyX9B4oIg==",
      "funding": [
        {
          "type": "opencollective",
          "url": "https://opencollective.com/browserslist"
        },
        {
          "type": "tidelift",
          "url": "https://tidelift.com/funding/github/npm/browserslist"
        },
        {
          "type": "github",
          "url": "https://github.com/sponsors/ai"
        }
      ],
      "license": "MIT",
      "dependencies": {
        "baseline-browser-mapping": "^2.10.12",
        "caniuse-lite": "^1.0.30001782",
        "electron-to-chromium": "^1.5.328",
        "node-releases": "^2.0.36",
        "update-browserslist-db": "^1.2.3"
      },
      "bin": {
        "browserslist": "cli.js"
      },
      "engines": {
        "node": "^6 || ^7 || ^8 || ^9 || ^10 || ^11 || ^12 || >=13.7"
      }
    },
    "node_modules/caniuse-lite": {
      "version": "1.0.30001799",
      "resolved": "https://registry.npmjs.org/caniuse-lite/-/caniuse-lite-1.0.30001799.tgz",
      "integrity": "sha512-hG1bReV+OUU+MOqK4t/ZWI0tZOyz3rqS9XuhOUz1cIcbwBKjOyJEJuw9ER5JuNyqxNk8u/JUVbGibBOL1yrjFw==",
      "funding": [
        {
          "type": "opencollective",
          "url": "https://opencollective.com/browserslist"
        },
        {
          "type": "tidelift",
          "url": "https://tidelift.com/funding/github/npm/caniuse-lite"
        },
        {
          "type": "github",
          "url": "https://github.com/sponsors/ai"
        }
      ],
      "license": "CC-BY-4.0"
    },
    "node_modules/convert-source-map": {
      "version": "2.0.0",
      "resolved": "https://registry.npmjs.org/convert-source-map/-/convert-source-map-2.0.0.tgz",
      "integrity": "sha512-Kvp459HrV2FEJ1CAsi1Ku+MY3kasH19TFykTz2xWmMeq6bk2NU3XXvfJ+Q61m0xktWwt+1HSYf3JZsTms3aRJg==",
      "license": "MIT"
    },
    "node_modules/electron-to-chromium": {
      "version": "1.5.375",
      "resolved": "https://registry.npmjs.org/electron-to-chromium/-/electron-to-chromium-1.5.375.tgz",
      "integrity": "sha512-ZWP5eB4BVPW/ZYo9252hQZHZ5XavtsTgpbhcmMmRwymavC5AsLWQWBPaKMeNd2LW0KGby5HPXvj7+sr4ta5j/Q==",
      "license": "ISC"
    },
    "node_modules/empathic": {
      "version": "2.0.1",
      "resolved": "https://registry.npmjs.org/empathic/-/empathic-2.0.1.tgz",
      "integrity": "sha512-YGRs8knHhKHVShLkFET/rWAU8kmHbOV5LwN938RHI0pljAJ1Gf6SzXsSmRaEzcXTtOOmVqJ5+WtQPL5uigY50Q==",
      "license": "MIT",
      "engines": {
        "node": ">=14"
      }
    },
    "node_modules/escalade": {
      "version": "3.2.0",
      "resolved": "https://registry.npmjs.org/escalade/-/escalade-3.2.0.tgz",
      "integrity": "sha512-WUj2qlxaQtO4g6Pq5c29GTcWGDyd8itL8zTlipgECz3JesAiiOKotd8JU6otB3PACgG6xkJUyVhboMS+bje/jA==",
      "license": "MIT",
      "engines": {
        "node": ">=6"
      }
    },
    "node_modules/gensync": {
      "version": "1.0.0-beta.2",
      "resolved": "https://registry.npmjs.org/gensync/-/gensync-1.0.0-beta.2.tgz",
      "integrity": "sha512-3hN7NaskYvMDLQY55gnW3NQ+mesEAepTqlg+VEbj7zzqEMBVNhzcGYYeqFo/TlYz6eQiFcp1HcsCZO+nGgS8zg==",
      "license": "MIT",
      "engines": {
        "node": ">=6.9.0"
      }
    },
    "node_modules/import-meta-resolve": {
      "version": "4.2.0",
      "resolved": "https://registry.npmjs.org/import-meta-resolve/-/import-meta-resolve-4.2.0.tgz",
      "integrity": "sha512-Iqv2fzaTQN28s/FwZAoFq0ZSs/7hMAHJVX+w8PZl3cY19Pxk6jFFalxQoIfW2826i/fDLXv8IiEZRIT0lDuWcg==",
      "license": "MIT",
      "funding": {
        "type": "github",
        "url": "https://github.com/sponsors/wooorm"
      }
    },
    "node_modules/js-tokens": {
      "version": "10.0.0",
      "resolved": "https://registry.npmjs.org/js-tokens/-/js-tokens-10.0.0.tgz",
      "integrity": "sha512-lM/UBzQmfJRo9ABXbPWemivdCW8V2G8FHaHdypQaIy523snUjog0W71ayWXTjiR+ixeMyVHN2XcpnTd/liPg/Q==",
      "license": "MIT"
    },
    "node_modules/jsesc": {
      "version": "3.1.0",
      "resolved": "https://registry.npmjs.org/jsesc/-/jsesc-3.1.0.tgz",
      "integrity": "sha512-/sM3dO2FOzXjKQhJuo0Q173wf2KOo8t4I8vHy6lF9poUp7bKT0/NHE8fPX23PwfhnykfqnC2xRxOnVw5XuGIaA==",
      "license": "MIT",
      "bin": {
        "jsesc": "bin/jsesc"
      },
      "engines": {
        "node": ">=6"
      }
    },
    "node_modules/json5": {
      "version": "2.2.3",
      "resolved": "https://registry.npmjs.org/json5/-/json5-2.2.3.tgz",
      "integrity": "sha512-XmOWe7eyHYH14cLdVPoyg+GOH3rYX++KpzrylJwSW98t3Nk+U8XOl8FWKOgwtzdb8lXGf6zYwDUzeHMWfxasyg==",
      "license": "MIT",
      "bin": {
        "json5": "lib/cli.js"
      },
      "engines": {
        "node": ">=6"
      }
    },
    "node_modules/lru-cache": {
      "version": "11.5.1",
      "resolved": "https://registry.npmjs.org/lru-cache/-/lru-cache-11.5.1.tgz",
      "integrity": "sha512-RPimw/7aMdv2oqRrxKwvZXcPfwBrn/JZ2xYcY9Hus/6LaS3VOAKVWKWgNLCFSiOm1ESXinjsDlidVU7JlnCN2A==",
      "license": "BlueOak-1.0.0",
      "engines": {
        "node": "20 || >=22"
      }
    },
    "node_modules/node-releases": {
      "version": "2.0.47",
      "resolved": "https://registry.npmjs.org/node-releases/-/node-releases-2.0.47.tgz",
      "integrity": "sha512-Uzmd6LXpouKo8EUK68IjH4+E01w/hXyV3R3g/geCJo+rXLNfh1xucB+LOzYEOQPSiUK3h/xZf0cQGcSsmyL2Og==",
      "license": "MIT",
      "engines": {
        "node": ">=18"
      }
    },
    "node_modules/obug": {
      "version": "2.1.3",
      "resolved": "https://registry.npmjs.org/obug/-/obug-2.1.3.tgz",
      "integrity": "sha512-9miFgM2OFba7hB+pRgvtV84pYTBaoTHohvmIgiRt6dRIzbwEOIaNaP+dIlGs2fNFoB0SeISs0Jz5WFVRid6Xyg==",
      "funding": [
        "https://github.com/sponsors/sxzz",
        "https://opencollective.com/debug"
      ],
      "license": "MIT",
      "engines": {
        "node": ">=12.20.0"
      }
    },
    "node_modules/picocolors": {
      "version": "1.1.1",
      "resolved": "https://registry.npmjs.org/picocolors/-/picocolors-1.1.1.tgz",
      "integrity": "sha512-xceH2snhtb5M9liqDsmEw56le376mTZkEX/jEb/RxNFyegNul7eNslCXP9FDj/Lcu0X8KEyMceP2ntpaHrDEVA==",
      "license": "ISC"
    },
    "node_modules/semver": {
      "version": "7.8.4",
      "resolved": "https://registry.npmjs.org/semver/-/semver-7.8.4.tgz",
      "integrity": "sha512-rUCObTnP32Q08R2uuIrt7r9PlEonuTmtuXYcW6s5kjdlj3xbnwe+21yXptAUYcMAABLkYYTtnmzb3w3EDZfueA==",
      "license": "ISC",
      "bin": {
        "semver": "bin/semver.js"
      },
      "engines": {
        "node": ">=10"
      }
    },
    "node_modules/update-browserslist-db": {
      "version": "1.2.3",
      "resolved": "https://registry.npmjs.org/update-browserslist-db/-/update-browserslist-db-1.2.3.tgz",
      "integrity": "sha512-Js0m9cx+qOgDxo0eMiFGEueWztz+d4+M3rGlmKPT+T4IS/jP4ylw3Nwpu6cpTTP8R1MAC1kF4VbdLt3ARf209w==",
      "funding": [
        {
          "type": "opencollective",
          "url": "https://opencollective.com/browserslist"
        },
        {
          "type": "tidelift",
          "url": "https://tidelift.com/funding/github/npm/browserslist"
        },
        {
          "type": "github",
          "url": "https://github.com/sponsors/ai"
        }
      ],
      "license": "MIT",
      "dependencies": {
        "escalade": "^3.2.0",
        "picocolors": "^1.1.1"
      },
      "bin": {
        "update-browserslist-db": "cli.js"
      },
      "peerDependencies": {
        "browserslist": ">= 4.21.0"
      }
    },
    "node_modules/ws": {
      "version": "8.21.0",
      "resolved": "https://registry.npmjs.org/ws/-/ws-8.21.0.tgz",
      "integrity": "sha512-Vsp28b7DRcimFQvrqu2Wek3z1iYxDCWqHYB8Qsnk/S4RfaCQzPGPyBNuVjJV3cd6UiKtUtp6sNM77gWvzcCH+g==",
      "license": "MIT",
      "engines": {
        "node": ">=10.0.0"
      },
      "peerDependencies": {
        "bufferutil": "^4.0.1",
        "utf-8-validate": ">=5.0.2"
      },
      "peerDependenciesMeta": {
        "bufferutil": {
          "optional": true
        },
        "utf-8-validate": {
          "optional": true
        }
      }
    }
  }
}
