{
  "name": "@vscode-memory-leak-finder/cursor-e2e",
  "version": "0.0.0-dev",
  "lockfileVersion": 2,
  "requires": true,
  "packages": {
    "": {
      "name": "@vscode-memory-leak-finder/cursor-e2e",
      "version": "0.0.0-dev",
      "license": "MIT",
      "dependencies": {
        "@vscode-memory-leak-finder/core": "file:../core"
      },
      "devDependencies": {
        "tree-kill": "^1.2.2",
        "wait-for-expect": "^3.0.2"
      }
    },
    "../core": {
      "name": "@vscode-memory-leak-finder/core",
      "version": "0.0.0-dev",
      "hasInstallScript": true,
      "license": "MIT",
      "dependencies": {
        "@playwright/test": "^1.35.0",
        "@vscode-memory-leak-finder/page-object": "file:../page-object",
        "@vscode/test-electron": "^2.3.3",
        "lodash": "^4.17.21",
        "tree-kill": "^1.2.2",
        "verror": "^1.10.1",
        "wait-for-expect": "^3.0.2"
      },
      "devDependencies": {
        "@types/lodash": "^4.14.195"
      }
    },
    "node_modules/@vscode-memory-leak-finder/core": {
      "resolved": "../core",
      "link": true
    },
    "node_modules/tree-kill": {
      "version": "1.2.2",
      "resolved": "https://registry.npmjs.org/tree-kill/-/tree-kill-1.2.2.tgz",
      "integrity": "sha512-L0Orpi8qGpRG//Nd+H90vFB+3iHnue1zSSGmNOOCh1GLJ7rUKVwV2HvijphGQS2UmhUZewS9VgvxYIdgr+fG1A==",
      "dev": true,
      "bin": {
        "tree-kill": "cli.js"
      }
    },
    "node_modules/wait-for-expect": {
      "version": "3.0.2",
      "resolved": "https://registry.npmjs.org/wait-for-expect/-/wait-for-expect-3.0.2.tgz",
      "integrity": "sha512-cfS1+DZxuav1aBYbaO/kE06EOS8yRw7qOFoD3XtjTkYvCvh3zUvNST8DXK/nPaeqIzIv3P3kL3lRJn8iwOiSag==",
      "dev": true
    }
  },
  "dependencies": {
    "@vscode-memory-leak-finder/core": {
      "version": "file:../core",
      "requires": {
        "@playwright/test": "^1.35.0",
        "@types/lodash": "^4.14.195",
        "@vscode-memory-leak-finder/page-object": "file:../page-object",
        "@vscode/test-electron": "^2.3.3",
        "lodash": "^4.17.21",
        "tree-kill": "^1.2.2",
        "verror": "^1.10.1",
        "wait-for-expect": "^3.0.2"
      }
    },
    "tree-kill": {
      "version": "1.2.2",
      "resolved": "https://registry.npmjs.org/tree-kill/-/tree-kill-1.2.2.tgz",
      "integrity": "sha512-L0Orpi8qGpRG//Nd+H90vFB+3iHnue1zSSGmNOOCh1GLJ7rUKVwV2HvijphGQS2UmhUZewS9VgvxYIdgr+fG1A==",
      "dev": true
    },
    "wait-for-expect": {
      "version": "3.0.2",
      "resolved": "https://registry.npmjs.org/wait-for-expect/-/wait-for-expect-3.0.2.tgz",
      "integrity": "sha512-cfS1+DZxuav1aBYbaO/kE06EOS8yRw7qOFoD3XtjTkYvCvh3zUvNST8DXK/nPaeqIzIv3P3kL3lRJn8iwOiSag==",
      "dev": true
    }
  }
}
