{
  "name": "@vscode-memory-leak-finder/memory-leak-finder",
  "version": "0.0.0-dev",
  "lockfileVersion": 3,
  "requires": true,
  "packages": {
    "": {
      "name": "@vscode-memory-leak-finder/memory-leak-finder",
      "version": "0.0.0-dev",
      "license": "MIT",
      "dependencies": {
        "@lvce-editor/assert": "^1.3.0",
        "@lvce-editor/json-rpc": "^5.2.0",
        "@lvce-editor/verror": "^1.6.0",
        "@vscode-memory-leak-finder/devtools-protocol": "file:../devtools-protocol",
        "pretty-bytes": "^6.1.1"
      }
    },
    "../devtools-protocol": {
      "name": "@vscode-memory-leak-finder/devtools-protocol",
      "version": "0.0.0-dev",
      "license": "MIT",
      "devDependencies": {}
    },
    "node_modules/@lvce-editor/assert": {
      "version": "1.3.0",
      "resolved": "https://registry.npmjs.org/@lvce-editor/assert/-/assert-1.3.0.tgz",
      "integrity": "sha512-hrwqjOPi3vLuFJk5IqGl/M9H5QDZjTAiQsyFO15S07D2f42zZAdAwUrgLU2CAEPXgL6ZIJ6j7nT+nWOK5y4++w==",
      "license": "MIT"
    },
    "node_modules/@lvce-editor/json-rpc": {
      "version": "5.2.0",
      "resolved": "https://registry.npmjs.org/@lvce-editor/json-rpc/-/json-rpc-5.2.0.tgz",
      "integrity": "sha512-d/tBZDv023Rm0NJG9+Y3LD4u4fifQ+d9NaaoeCLxvUPooKjF6IjzMFRJom6fJ53ropF6qHzenHbr6gGAnUj0fw==",
      "license": "MIT"
    },
    "node_modules/@lvce-editor/verror": {
      "version": "1.6.0",
      "resolved": "https://registry.npmjs.org/@lvce-editor/verror/-/verror-1.6.0.tgz",
      "integrity": "sha512-/+z23uEXBgJCu8skpdtS3fxr94sI/ss2R85j3OMNoutIFFGJ97gRqJm5rZwMGPap5VcsTnf840InuV5oaVbKdw==",
      "license": "MIT"
    },
    "node_modules/@vscode-memory-leak-finder/devtools-protocol": {
      "resolved": "../devtools-protocol",
      "link": true
    },
    "node_modules/pretty-bytes": {
      "version": "6.1.1",
      "resolved": "https://registry.npmjs.org/pretty-bytes/-/pretty-bytes-6.1.1.tgz",
      "integrity": "sha512-mQUvGU6aUFQ+rNvTIAcZuWGRT9a6f6Yrg9bHs4ImKF+HZCEK+plBvnAZYSIQztknZF2qnzNtr6F8s0+IuptdlQ==",
      "license": "MIT",
      "engines": {
        "node": "^14.13.1 || >=16.0.0"
      },
      "funding": {
        "url": "https://github.com/sponsors/sindresorhus"
      }
    }
  }
}
