{
  "name": "@vscode-memory-leak-finder/memory-leak-finder",
  "version": "0.0.0-dev",
  "lockfileVersion": 3,
  "requires": true,
  "packages": {
    "": {
      "name": "@vscode-memory-leak-finder/memory-leak-finder",
      "version": "0.0.0-dev",
      "license": "MIT",
      "dependencies": {
        "@lvce-editor/assert": "^1.2.0",
        "@lvce-editor/json-rpc": "^1.4.0",
        "@lvce-editor/verror": "^1.4.0",
        "@vscode-memory-leak-finder/devtools-protocol": "file:../devtools-protocol",
        "pretty-bytes": "^6.1.1"
      }
    },
    "../devtools-protocol": {
      "name": "@vscode-memory-leak-finder/devtools-protocol",
      "version": "0.0.0-dev",
      "license": "MIT",
      "devDependencies": {}
    },
    "node_modules/@lvce-editor/assert": {
      "version": "1.2.0",
      "resolved": "https://registry.npmjs.org/@lvce-editor/assert/-/assert-1.2.0.tgz",
      "integrity": "sha512-39suvZMzP6uxW/KG0ASdCyGbx7Z6dJdzDYJLtCXUC7PshJ1405YGlJ+ldD48u+/IH3y13z5sWRntidj7frYHGQ==",
      "license": "MIT"
    },
    "node_modules/@lvce-editor/json-rpc": {
      "version": "1.4.0",
      "resolved": "https://registry.npmjs.org/@lvce-editor/json-rpc/-/json-rpc-1.4.0.tgz",
      "integrity": "sha512-PEI4gfrxU8E3yHAliQBHpiHjJks8kja3+OLFqP+eqfXsIzX/LXK9Qf+8KH/wLq3a64qI4a/UzZEm5VbKtPUc7w==",
      "license": "MIT",
      "dependencies": {
        "@lvce-editor/assert": "^1.2.0"
      }
    },
    "node_modules/@lvce-editor/verror": {
      "version": "1.4.0",
      "resolved": "https://registry.npmjs.org/@lvce-editor/verror/-/verror-1.4.0.tgz",
      "integrity": "sha512-pM9sUHjzcMVySm/B8qtNR0lL60XxmKR6S0Tf2TrGW+5fK3qJHyySvfbL51smBxKRtX+MpKh+RVT5nQhWf/3m5A==",
      "license": "MIT"
    },
    "node_modules/@vscode-memory-leak-finder/devtools-protocol": {
      "resolved": "../devtools-protocol",
      "link": true
    },
    "node_modules/pretty-bytes": {
      "version": "6.1.1",
      "resolved": "https://registry.npmjs.org/pretty-bytes/-/pretty-bytes-6.1.1.tgz",
      "integrity": "sha512-mQUvGU6aUFQ+rNvTIAcZuWGRT9a6f6Yrg9bHs4ImKF+HZCEK+plBvnAZYSIQztknZF2qnzNtr6F8s0+IuptdlQ==",
      "license": "MIT",
      "engines": {
        "node": "^14.13.1 || >=16.0.0"
      },
      "funding": {
        "url": "https://github.com/sponsors/sindresorhus"
      }
    }
  }
}
