{
  "name": "@vscode-memory-leak-finder/memory-leak-finder",
  "version": "0.0.0-dev",
  "lockfileVersion": 3,
  "requires": true,
  "packages": {
    "": {
      "name": "@vscode-memory-leak-finder/memory-leak-finder",
      "version": "0.0.0-dev",
      "license": "MIT",
      "dependencies": {
        "@lvce-editor/assert": "^1.2.0",
        "@lvce-editor/verror": "^1.2.0",
        "@vscode-memory-leak-finder/devtools-protocol": "file:../devtools-protocol",
        "pretty-bytes": "^6.1.1"
      }
    },
    "../devtools-protocol": {
      "name": "@vscode-memory-leak-finder/devtools-protocol",
      "version": "0.0.0-dev",
      "license": "MIT",
      "devDependencies": {}
    },
    "node_modules/@lvce-editor/assert": {
      "version": "1.2.0",
      "license": "MIT"
    },
    "node_modules/@lvce-editor/verror": {
      "version": "1.2.0",
      "license": "MIT"
    },
    "node_modules/@vscode-memory-leak-finder/devtools-protocol": {
      "resolved": "../devtools-protocol",
      "link": true
    },
    "node_modules/pretty-bytes": {
      "version": "6.1.1",
      "license": "MIT",
      "engines": {
        "node": "^14.13.1 || >=16.0.0"
      },
      "funding": {
        "url": "https://github.com/sponsors/sindresorhus"
      }
    }
  }
}
