{
  "name": "injected-code",
  "version": "0.0.0-dev",
  "lockfileVersion": 3,
  "requires": true,
  "packages": {
    "": {
      "name": "injected-code",
      "version": "0.0.0-dev",
      "hasInstallScript": true,
      "license": "MIT",
      "devDependencies": {
        "rollup": "^4.5.1"
      }
    },
    "node_modules/@rollup/rollup-android-arm-eabi": {
      "version": "4.5.1",
      "resolved": "https://registry.npmjs.org/@rollup/rollup-android-arm-eabi/-/rollup-android-arm-eabi-4.5.1.tgz",
      "integrity": "sha512-YaN43wTyEBaMqLDYeze+gQ4ZrW5RbTEGtT5o1GVDkhpdNcsLTnLRcLccvwy3E9wiDKWg9RIhuoy3JQKDRBfaZA==",
      "cpu": [
        "arm"
      ],
      "dev": true,
      "optional": true,
      "os": [
        "android"
      ]
    },
    "node_modules/@rollup/rollup-android-arm64": {
      "version": "4.5.1",
      "resolved": "https://registry.npmjs.org/@rollup/rollup-android-arm64/-/rollup-android-arm64-4.5.1.tgz",
      "integrity": "sha512-n1bX+LCGlQVuPlCofO0zOKe1b2XkFozAVRoczT+yxWZPGnkEAKTTYVOGZz8N4sKuBnKMxDbfhUsB1uwYdup/sw==",
      "cpu": [
        "arm64"
      ],
      "dev": true,
      "optional": true,
      "os": [
        "android"
      ]
    },
    "node_modules/@rollup/rollup-darwin-arm64": {
      "version": "4.5.1",
      "resolved": "https://registry.npmjs.org/@rollup/rollup-darwin-arm64/-/rollup-darwin-arm64-4.5.1.tgz",
      "integrity": "sha512-QqJBumdvfBqBBmyGHlKxje+iowZwrHna7pokj/Go3dV1PJekSKfmjKrjKQ/e6ESTGhkfPNLq3VXdYLAc+UtAQw==",
      "cpu": [
        "arm64"
      ],
      "dev": true,
      "optional": true,
      "os": [
        "darwin"
      ]
    },
    "node_modules/@rollup/rollup-darwin-x64": {
      "version": "4.5.1",
      "resolved": "https://registry.npmjs.org/@rollup/rollup-darwin-x64/-/rollup-darwin-x64-4.5.1.tgz",
      "integrity": "sha512-RrkDNkR/P5AEQSPkxQPmd2ri8WTjSl0RYmuFOiEABkEY/FSg0a4riihWQGKDJ4LnV9gigWZlTMx2DtFGzUrYQw==",
      "cpu": [
        "x64"
      ],
      "dev": true,
      "optional": true,
      "os": [
        "darwin"
      ]
    },
    "node_modules/@rollup/rollup-linux-arm-gnueabihf": {
      "version": "4.5.1",
      "resolved": "https://registry.npmjs.org/@rollup/rollup-linux-arm-gnueabihf/-/rollup-linux-arm-gnueabihf-4.5.1.tgz",
      "integrity": "sha512-ZFPxvUZmE+fkB/8D9y/SWl/XaDzNSaxd1TJUSE27XAKlRpQ2VNce/86bGd9mEUgL3qrvjJ9XTGwoX0BrJkYK/A==",
      "cpu": [
        "arm"
      ],
      "dev": true,
      "optional": true,
      "os": [
        "linux"
      ]
    },
    "node_modules/@rollup/rollup-linux-arm64-gnu": {
      "version": "4.5.1",
      "resolved": "https://registry.npmjs.org/@rollup/rollup-linux-arm64-gnu/-/rollup-linux-arm64-gnu-4.5.1.tgz",
      "integrity": "sha512-FEuAjzVIld5WVhu+M2OewLmjmbXWd3q7Zcx+Rwy4QObQCqfblriDMMS7p7+pwgjZoo9BLkP3wa9uglQXzsB9ww==",
      "cpu": [
        "arm64"
      ],
      "dev": true,
      "optional": true,
      "os": [
        "linux"
      ]
    },
    "node_modules/@rollup/rollup-linux-arm64-musl": {
      "version": "4.5.1",
      "resolved": "https://registry.npmjs.org/@rollup/rollup-linux-arm64-musl/-/rollup-linux-arm64-musl-4.5.1.tgz",
      "integrity": "sha512-f5Gs8WQixqGRtI0Iq/cMqvFYmgFzMinuJO24KRfnv7Ohi/HQclwrBCYkzQu1XfLEEt3DZyvveq9HWo4bLJf1Lw==",
      "cpu": [
        "arm64"
      ],
      "dev": true,
      "optional": true,
      "os": [
        "linux"
      ]
    },
    "node_modules/@rollup/rollup-linux-x64-gnu": {
      "version": "4.5.1",
      "resolved": "https://registry.npmjs.org/@rollup/rollup-linux-x64-gnu/-/rollup-linux-x64-gnu-4.5.1.tgz",
      "integrity": "sha512-CWPkPGrFfN2vj3mw+S7A/4ZaU3rTV7AkXUr08W9lNP+UzOvKLVf34tWCqrKrfwQ0NTk5GFqUr2XGpeR2p6R4gw==",
      "cpu": [
        "x64"
      ],
      "dev": true,
      "optional": true,
      "os": [
        "linux"
      ]
    },
    "node_modules/@rollup/rollup-linux-x64-musl": {
      "version": "4.5.1",
      "resolved": "https://registry.npmjs.org/@rollup/rollup-linux-x64-musl/-/rollup-linux-x64-musl-4.5.1.tgz",
      "integrity": "sha512-ZRETMFA0uVukUC9u31Ed1nx++29073goCxZtmZARwk5aF/ltuENaeTtRVsSQzFlzdd4J6L3qUm+EW8cbGt0CKQ==",
      "cpu": [
        "x64"
      ],
      "dev": true,
      "optional": true,
      "os": [
        "linux"
      ]
    },
    "node_modules/@rollup/rollup-win32-arm64-msvc": {
      "version": "4.5.1",
      "resolved": "https://registry.npmjs.org/@rollup/rollup-win32-arm64-msvc/-/rollup-win32-arm64-msvc-4.5.1.tgz",
      "integrity": "sha512-ihqfNJNb2XtoZMSCPeoo0cYMgU04ksyFIoOw5S0JUVbOhafLot+KD82vpKXOurE2+9o/awrqIxku9MRR9hozHQ==",
      "cpu": [
        "arm64"
      ],
      "dev": true,
      "optional": true,
      "os": [
        "win32"
      ]
    },
    "node_modules/@rollup/rollup-win32-ia32-msvc": {
      "version": "4.5.1",
      "resolved": "https://registry.npmjs.org/@rollup/rollup-win32-ia32-msvc/-/rollup-win32-ia32-msvc-4.5.1.tgz",
      "integrity": "sha512-zK9MRpC8946lQ9ypFn4gLpdwr5a01aQ/odiIJeL9EbgZDMgbZjjT/XzTqJvDfTmnE1kHdbG20sAeNlpc91/wbg==",
      "cpu": [
        "ia32"
      ],
      "dev": true,
      "optional": true,
      "os": [
        "win32"
      ]
    },
    "node_modules/@rollup/rollup-win32-x64-msvc": {
      "version": "4.5.1",
      "resolved": "https://registry.npmjs.org/@rollup/rollup-win32-x64-msvc/-/rollup-win32-x64-msvc-4.5.1.tgz",
      "integrity": "sha512-5I3Nz4Sb9TYOtkRwlH0ow+BhMH2vnh38tZ4J4mggE48M/YyJyp/0sPSxhw1UeS1+oBgQ8q7maFtSeKpeRJu41Q==",
      "cpu": [
        "x64"
      ],
      "dev": true,
      "optional": true,
      "os": [
        "win32"
      ]
    },
    "node_modules/fsevents": {
      "version": "2.3.3",
      "resolved": "https://registry.npmjs.org/fsevents/-/fsevents-2.3.3.tgz",
      "integrity": "sha512-5xoDfX+fL7faATnagmWPpbFtwh/R77WmMMqqHGS65C3vvB0YHrgF+B1YmZ3441tMj5n63k0212XNoJwzlhffQw==",
      "dev": true,
      "hasInstallScript": true,
      "optional": true,
      "os": [
        "darwin"
      ],
      "engines": {
        "node": "^8.16.0 || ^10.6.0 || >=11.0.0"
      }
    },
    "node_modules/rollup": {
      "version": "4.5.1",
      "resolved": "https://registry.npmjs.org/rollup/-/rollup-4.5.1.tgz",
      "integrity": "sha512-0EQribZoPKpb5z1NW/QYm3XSR//Xr8BeEXU49Lc/mQmpmVVG5jPUVrpc2iptup/0WMrY9mzas0fxH+TjYvG2CA==",
      "dev": true,
      "bin": {
        "rollup": "dist/bin/rollup"
      },
      "engines": {
        "node": ">=18.0.0",
        "npm": ">=8.0.0"
      },
      "optionalDependencies": {
        "@rollup/rollup-android-arm-eabi": "4.5.1",
        "@rollup/rollup-android-arm64": "4.5.1",
        "@rollup/rollup-darwin-arm64": "4.5.1",
        "@rollup/rollup-darwin-x64": "4.5.1",
        "@rollup/rollup-linux-arm-gnueabihf": "4.5.1",
        "@rollup/rollup-linux-arm64-gnu": "4.5.1",
        "@rollup/rollup-linux-arm64-musl": "4.5.1",
        "@rollup/rollup-linux-x64-gnu": "4.5.1",
        "@rollup/rollup-linux-x64-musl": "4.5.1",
        "@rollup/rollup-win32-arm64-msvc": "4.5.1",
        "@rollup/rollup-win32-ia32-msvc": "4.5.1",
        "@rollup/rollup-win32-x64-msvc": "4.5.1",
        "fsevents": "~2.3.2"
      }
    }
  }
}
