{
  "name": "@vscode-memory-leak-finder/injected-code",
  "version": "0.0.0-dev",
  "lockfileVersion": 3,
  "requires": true,
  "packages": {
    "": {
      "name": "@vscode-memory-leak-finder/injected-code",
      "version": "0.0.0-dev",
      "license": "MIT",
      "dependencies": {
        "@lvce-editor/assert": "^1.9.0"
      },
      "devDependencies": {}
    },
    "node_modules/@lvce-editor/assert": {
      "version": "1.9.0",
      "resolved": "https://registry.npmjs.org/@lvce-editor/assert/-/assert-1.9.0.tgz",
      "integrity": "sha512-EPOXml+iWU38g0h71yv/nPaL1Xz/S72ICORPrR8shtoTqeoZmFzD8bH1dphr/xzYPaU97yEQo1Zen33aH111Uw==",
      "license": "MIT"
    }
  }
}
