{
  "name": "@vscode-memory-leak-finder/test-worker",
  "version": "0.0.0-dev",
  "lockfileVersion": 3,
  "requires": true,
  "packages": {
    "": {
      "name": "@vscode-memory-leak-finder/test-worker",
      "version": "0.0.0-dev",
      "license": "MIT",
      "dependencies": {
        "@lvce-editor/assert": "^1.2.0",
        "@lvce-editor/verror": "^1.4.0"
      },
      "bin": {
        "test-worker": "bin/test-worker.js"
      }
    },
    "node_modules/@lvce-editor/assert": {
      "version": "1.2.0",
      "resolved": "https://registry.npmjs.org/@lvce-editor/assert/-/assert-1.2.0.tgz",
      "integrity": "sha512-39suvZMzP6uxW/KG0ASdCyGbx7Z6dJdzDYJLtCXUC7PshJ1405YGlJ+ldD48u+/IH3y13z5sWRntidj7frYHGQ==",
      "license": "MIT"
    },
    "node_modules/@lvce-editor/verror": {
      "version": "1.4.0",
      "resolved": "https://registry.npmjs.org/@lvce-editor/verror/-/verror-1.4.0.tgz",
      "integrity": "sha512-pM9sUHjzcMVySm/B8qtNR0lL60XxmKR6S0Tf2TrGW+5fK3qJHyySvfbL51smBxKRtX+MpKh+RVT5nQhWf/3m5A==",
      "license": "MIT"
    }
  }
}
