{
  "name": "test-worker",
  "version": "0.0.0-dev",
  "lockfileVersion": 3,
  "requires": true,
  "packages": {
    "": {
      "name": "test-worker",
      "version": "0.0.0-dev",
      "license": "MIT",
      "dependencies": {
        "@lvce-editor/assert": "^1.1.0",
        "@lvce-editor/verror": "^1.1.2"
      },
      "bin": {
        "test-worker": "bin/test-worker.js"
      }
    },
    "node_modules/@lvce-editor/assert": {
      "version": "1.1.0",
      "resolved": "https://registry.npmjs.org/@lvce-editor/assert/-/assert-1.1.0.tgz",
      "integrity": "sha512-s3BoTi5zJ4Zi7yeiF3fmANUEpfPn9npwW+Khi5z6BTiXAjoWBalssgLLEwF+DAoTXJkjhuoUMfbbPPfeIO/zvg=="
    },
    "node_modules/@lvce-editor/verror": {
      "version": "1.1.2",
      "resolved": "https://registry.npmjs.org/@lvce-editor/verror/-/verror-1.1.2.tgz",
      "integrity": "sha512-FY6t27q8YGlEJeQQ0ylFbDcV/8q5z8kpFbs94sAwGGs+BIOd6Kc5y6w7rKT1utL8eKZ5fyg61tXJ6yZFxdXppA=="
    }
  }
}
