{
  "name": "@vscode-memory-leak-finder/source-map-worker",
  "version": "0.0.0-dev",
  "lockfileVersion": 3,
  "requires": true,
  "packages": {
    "": {
      "name": "@vscode-memory-leak-finder/source-map-worker",
      "version": "0.0.0-dev",
      "license": "MIT",
      "dependencies": {
        "@lvce-editor/assert": "^1.4.0",
        "@lvce-editor/verror": "^1.7.0",
        "source-map": "^0.7.6"
      }
    },
    "node_modules/@lvce-editor/assert": {
      "version": "1.4.0",
      "resolved": "https://registry.npmjs.org/@lvce-editor/assert/-/assert-1.4.0.tgz",
      "integrity": "sha512-YbsNvT6V1+VM+PJRiQC5VEqAdAeiSMh5flQuioVdTjBHinu+Rbb2qP3uaxiJFjA2KN3k9UUYyvQrEAWYnUtarw==",
      "license": "MIT"
    },
    "node_modules/@lvce-editor/verror": {
      "version": "1.7.0",
      "resolved": "https://registry.npmjs.org/@lvce-editor/verror/-/verror-1.7.0.tgz",
      "integrity": "sha512-+LGuAEIC2L7pbvkyAQVWM2Go0dAy+UWEui28g07zNtZsCBhm+gusBK8PNwLJLV5Jay+TyUYuwLIbJdjLLzqEBg==",
      "license": "MIT"
    },
    "node_modules/source-map": {
      "version": "0.7.6",
      "resolved": "https://registry.npmjs.org/source-map/-/source-map-0.7.6.tgz",
      "integrity": "sha512-i5uvt8C3ikiWeNZSVZNWcfZPItFQOsYTUAOkcUPGd8DqDy1uOUikjt5dG+uRlwyvR108Fb9DOd4GvXfT0N2/uQ==",
      "license": "BSD-3-Clause",
      "engines": {
        "node": ">= 12"
      }
    }
  }
}
