{
  "name": "@vscode-memory-leak-finder/source-map-worker",
  "version": "0.0.0-dev",
  "lockfileVersion": 3,
  "requires": true,
  "packages": {
    "": {
      "name": "@vscode-memory-leak-finder/source-map-worker",
      "version": "0.0.0-dev",
      "license": "MIT",
      "dependencies": {
        "@lvce-editor/assert": "^1.2.0",
        "@lvce-editor/verror": "^1.1.2",
        "got": "^14.0.0",
        "source-map": "^0.7.4"
      }
    },
    "node_modules/@lvce-editor/assert": {
      "version": "1.2.0",
      "license": "MIT"
    },
    "node_modules/@lvce-editor/verror": {
      "version": "1.1.2",
      "license": "MIT"
    },
    "node_modules/@sindresorhus/is": {
      "version": "6.1.0",
      "license": "MIT",
      "engines": {
        "node": ">=16"
      },
      "funding": {
        "url": "https://github.com/sindresorhus/is?sponsor=1"
      }
    },
    "node_modules/@szmarczak/http-timer": {
      "version": "5.0.1",
      "license": "MIT",
      "dependencies": {
        "defer-to-connect": "^2.0.1"
      },
      "engines": {
        "node": ">=14.16"
      }
    },
    "node_modules/@types/http-cache-semantics": {
      "version": "4.0.4",
      "license": "MIT"
    },
    "node_modules/cacheable-lookup": {
      "version": "7.0.0",
      "license": "MIT",
      "engines": {
        "node": ">=14.16"
      }
    },
    "node_modules/cacheable-request": {
      "version": "10.2.14",
      "license": "MIT",
      "dependencies": {
        "@types/http-cache-semantics": "^4.0.2",
        "get-stream": "^6.0.1",
        "http-cache-semantics": "^4.1.1",
        "keyv": "^4.5.3",
        "mimic-response": "^4.0.0",
        "normalize-url": "^8.0.0",
        "responselike": "^3.0.0"
      },
      "engines": {
        "node": ">=14.16"
      }
    },
    "node_modules/cacheable-request/node_modules/get-stream": {
      "version": "6.0.1",
      "license": "MIT",
      "engines": {
        "node": ">=10"
      },
      "funding": {
        "url": "https://github.com/sponsors/sindresorhus"
      }
    },
    "node_modules/decompress-response": {
      "version": "6.0.0",
      "license": "MIT",
      "dependencies": {
        "mimic-response": "^3.1.0"
      },
      "engines": {
        "node": ">=10"
      },
      "funding": {
        "url": "https://github.com/sponsors/sindresorhus"
      }
    },
    "node_modules/decompress-response/node_modules/mimic-response": {
      "version": "3.1.0",
      "license": "MIT",
      "engines": {
        "node": ">=10"
      },
      "funding": {
        "url": "https://github.com/sponsors/sindresorhus"
      }
    },
    "node_modules/defer-to-connect": {
      "version": "2.0.1",
      "license": "MIT",
      "engines": {
        "node": ">=10"
      }
    },
    "node_modules/form-data-encoder": {
      "version": "4.0.2",
      "license": "MIT",
      "engines": {
        "node": ">= 18"
      }
    },
    "node_modules/get-stream": {
      "version": "8.0.1",
      "license": "MIT",
      "engines": {
        "node": ">=16"
      },
      "funding": {
        "url": "https://github.com/sponsors/sindresorhus"
      }
    },
    "node_modules/got": {
      "version": "14.0.0",
      "license": "MIT",
      "dependencies": {
        "@sindresorhus/is": "^6.1.0",
        "@szmarczak/http-timer": "^5.0.1",
        "cacheable-lookup": "^7.0.0",
        "cacheable-request": "^10.2.14",
        "decompress-response": "^6.0.0",
        "form-data-encoder": "^4.0.2",
        "get-stream": "^8.0.1",
        "http2-wrapper": "^2.2.1",
        "lowercase-keys": "^3.0.0",
        "p-cancelable": "^4.0.1",
        "responselike": "^3.0.0"
      },
      "engines": {
        "node": ">=20"
      },
      "funding": {
        "url": "https://github.com/sindresorhus/got?sponsor=1"
      }
    },
    "node_modules/http-cache-semantics": {
      "version": "4.1.1",
      "license": "BSD-2-Clause"
    },
    "node_modules/http2-wrapper": {
      "version": "2.2.1",
      "license": "MIT",
      "dependencies": {
        "quick-lru": "^5.1.1",
        "resolve-alpn": "^1.2.0"
      },
      "engines": {
        "node": ">=10.19.0"
      }
    },
    "node_modules/json-buffer": {
      "version": "3.0.1",
      "license": "MIT"
    },
    "node_modules/keyv": {
      "version": "4.5.4",
      "license": "MIT",
      "dependencies": {
        "json-buffer": "3.0.1"
      }
    },
    "node_modules/lowercase-keys": {
      "version": "3.0.0",
      "license": "MIT",
      "engines": {
        "node": "^12.20.0 || ^14.13.1 || >=16.0.0"
      },
      "funding": {
        "url": "https://github.com/sponsors/sindresorhus"
      }
    },
    "node_modules/mimic-response": {
      "version": "4.0.0",
      "license": "MIT",
      "engines": {
        "node": "^12.20.0 || ^14.13.1 || >=16.0.0"
      },
      "funding": {
        "url": "https://github.com/sponsors/sindresorhus"
      }
    },
    "node_modules/normalize-url": {
      "version": "8.0.0",
      "license": "MIT",
      "engines": {
        "node": ">=14.16"
      },
      "funding": {
        "url": "https://github.com/sponsors/sindresorhus"
      }
    },
    "node_modules/p-cancelable": {
      "version": "4.0.1",
      "license": "MIT",
      "engines": {
        "node": ">=14.16"
      }
    },
    "node_modules/quick-lru": {
      "version": "5.1.1",
      "license": "MIT",
      "engines": {
        "node": ">=10"
      },
      "funding": {
        "url": "https://github.com/sponsors/sindresorhus"
      }
    },
    "node_modules/resolve-alpn": {
      "version": "1.2.1",
      "license": "MIT"
    },
    "node_modules/responselike": {
      "version": "3.0.0",
      "license": "MIT",
      "dependencies": {
        "lowercase-keys": "^3.0.0"
      },
      "engines": {
        "node": ">=14.16"
      },
      "funding": {
        "url": "https://github.com/sponsors/sindresorhus"
      }
    },
    "node_modules/source-map": {
      "version": "0.7.4",
      "license": "BSD-3-Clause",
      "engines": {
        "node": ">= 8"
      }
    }
  }
}
