{
  "name": "@vscode-memory-leak-finder/cli",
  "version": "0.0.0-dev",
  "lockfileVersion": 3,
  "requires": true,
  "packages": {
    "": {
      "name": "@vscode-memory-leak-finder/cli",
      "version": "0.0.0-dev",
      "license": "MIT",
      "dependencies": {
        "@lvce-editor/assert": "^1.2.0",
        "@lvce-editor/verror": "^1.2.0",
        "ansi-escapes": "^6.2.1",
        "chalk": "^5.3.0"
      },
      "bin": {
        "test-electron": "bin/test.js"
      },
      "devDependencies": {
        "@types/node": "^20.8.10"
      }
    },
    "node_modules/@lvce-editor/assert": {
      "version": "1.2.0",
      "license": "MIT"
    },
    "node_modules/@lvce-editor/verror": {
      "version": "1.2.0",
      "license": "MIT"
    },
    "node_modules/@types/node": {
      "version": "20.12.2",
      "dev": true,
      "license": "MIT",
      "dependencies": {
        "undici-types": "~5.26.4"
      }
    },
    "node_modules/ansi-escapes": {
      "version": "6.2.1",
      "license": "MIT",
      "engines": {
        "node": ">=14.16"
      },
      "funding": {
        "url": "https://github.com/sponsors/sindresorhus"
      }
    },
    "node_modules/chalk": {
      "version": "5.3.0",
      "license": "MIT",
      "engines": {
        "node": "^12.17.0 || ^14.13 || >=16.0.0"
      },
      "funding": {
        "url": "https://github.com/chalk/chalk?sponsor=1"
      }
    },
    "node_modules/undici-types": {
      "version": "5.26.5",
      "dev": true,
      "license": "MIT"
    }
  }
}
