{
  "name": "@vscode-memory-leak-finder/cli",
  "version": "0.0.0-dev",
  "lockfileVersion": 3,
  "requires": true,
  "packages": {
    "": {
      "name": "@vscode-memory-leak-finder/cli",
      "version": "0.0.0-dev",
      "license": "MIT",
      "dependencies": {
        "@lvce-editor/assert": "^1.4.0",
        "@lvce-editor/rpc": "^4.14.0",
        "@lvce-editor/verror": "^1.7.0"
      },
      "bin": {
        "test-electron": "bin/test.js"
      },
      "devDependencies": {
        "@types/node": "^24.1.0"
      }
    },
    "node_modules/@lvce-editor/assert": {
      "version": "1.4.0",
      "license": "MIT"
    },
    "node_modules/@lvce-editor/command": {
      "version": "2.0.0",
      "license": "MIT"
    },
    "node_modules/@lvce-editor/ipc": {
      "version": "14.4.0",
      "license": "MIT",
      "dependencies": {
        "@lvce-editor/assert": "^1.4.0",
        "@lvce-editor/verror": "^1.7.0",
        "@lvce-editor/web-socket-server": "^2.1.0"
      },
      "engines": {
        "node": ">=22"
      }
    },
    "node_modules/@lvce-editor/json-rpc": {
      "version": "7.0.0",
      "license": "MIT"
    },
    "node_modules/@lvce-editor/rpc": {
      "version": "4.14.0",
      "license": "MIT",
      "dependencies": {
        "@lvce-editor/command": "^2.0.0",
        "@lvce-editor/ipc": "^14.4.0",
        "@lvce-editor/json-rpc": "^7.0.0"
      }
    },
    "node_modules/@lvce-editor/verror": {
      "version": "1.7.0",
      "license": "MIT"
    },
    "node_modules/@lvce-editor/web-socket-server": {
      "version": "2.1.0",
      "license": "MIT",
      "dependencies": {
        "ws": "^8.18.2"
      },
      "engines": {
        "node": ">=22"
      }
    },
    "node_modules/@types/node": {
      "version": "24.2.0",
      "dev": true,
      "license": "MIT",
      "dependencies": {
        "undici-types": "~7.10.0"
      }
    },
    "node_modules/undici-types": {
      "version": "7.10.0",
      "dev": true,
      "license": "MIT"
    },
    "node_modules/ws": {
      "version": "8.18.3",
      "license": "MIT",
      "engines": {
        "node": ">=10.0.0"
      },
      "peerDependencies": {
        "bufferutil": "^4.0.1",
        "utf-8-validate": ">=5.0.2"
      },
      "peerDependenciesMeta": {
        "bufferutil": {
          "optional": true
        },
        "utf-8-validate": {
          "optional": true
        }
      }
    }
  }
}
