{
  "name": "@vscode-memory-leak-finder/memory-leak-worker",
  "version": "0.0.0-dev",
  "lockfileVersion": 3,
  "requires": true,
  "packages": {
    "": {
      "name": "@vscode-memory-leak-finder/memory-leak-worker",
      "version": "0.0.0-dev",
      "license": "MIT",
      "dependencies": {
        "@lvce-editor/assert": "^1.3.0",
        "@lvce-editor/verror": "^1.4.0"
      },
      "bin": {
        "memory-leak-worker": "bin/memory-leak-worker.js"
      },
      "devDependencies": {
        "@types/babel__code-frame": "^7.0.6"
      }
    },
    "node_modules/@lvce-editor/assert": {
      "version": "1.3.0",
      "resolved": "https://registry.npmjs.org/@lvce-editor/assert/-/assert-1.3.0.tgz",
      "integrity": "sha512-hrwqjOPi3vLuFJk5IqGl/M9H5QDZjTAiQsyFO15S07D2f42zZAdAwUrgLU2CAEPXgL6ZIJ6j7nT+nWOK5y4++w==",
      "license": "MIT"
    },
    "node_modules/@lvce-editor/verror": {
      "version": "1.4.0",
      "resolved": "https://registry.npmjs.org/@lvce-editor/verror/-/verror-1.4.0.tgz",
      "integrity": "sha512-pM9sUHjzcMVySm/B8qtNR0lL60XxmKR6S0Tf2TrGW+5fK3qJHyySvfbL51smBxKRtX+MpKh+RVT5nQhWf/3m5A==",
      "license": "MIT"
    },
    "node_modules/@types/babel__code-frame": {
      "version": "7.0.6",
      "resolved": "https://registry.npmjs.org/@types/babel__code-frame/-/babel__code-frame-7.0.6.tgz",
      "integrity": "sha512-Anitqkl3+KrzcW2k77lRlg/GfLZLWXBuNgbEcIOU6M92yw42vsd3xV/Z/yAHEj8m+KUjL6bWOVOFqX8PFPJ4LA==",
      "dev": true,
      "license": "MIT"
    }
  }
}
