{
  "name": "@vscode-memory-leak-finder/memory-leak-worker",
  "version": "0.0.0-dev",
  "lockfileVersion": 3,
  "requires": true,
  "packages": {
    "": {
      "name": "@vscode-memory-leak-finder/memory-leak-worker",
      "version": "0.0.0-dev",
      "license": "MIT",
      "dependencies": {
        "@lvce-editor/assert": "^1.2.0",
        "@lvce-editor/verror": "^1.3.0"
      },
      "bin": {
        "memory-leak-worker": "bin/memory-leak-worker.js"
      },
      "devDependencies": {
        "@types/babel__code-frame": "^7.0.6"
      }
    },
    "node_modules/@lvce-editor/assert": {
      "version": "1.2.0",
      "resolved": "https://registry.npmjs.org/@lvce-editor/assert/-/assert-1.2.0.tgz",
      "integrity": "sha512-39suvZMzP6uxW/KG0ASdCyGbx7Z6dJdzDYJLtCXUC7PshJ1405YGlJ+ldD48u+/IH3y13z5sWRntidj7frYHGQ=="
    },
    "node_modules/@lvce-editor/verror": {
      "version": "1.3.0",
      "resolved": "https://registry.npmjs.org/@lvce-editor/verror/-/verror-1.3.0.tgz",
      "integrity": "sha512-7GsD0Dq/TVcllh4UGrlmbIAChK4U4B7yERoNZItUmMmQBdBgKQwyngsiLNDdloPjd+QeK6hwJiESrBETOMns6A=="
    },
    "node_modules/@types/babel__code-frame": {
      "version": "7.0.6",
      "resolved": "https://registry.npmjs.org/@types/babel__code-frame/-/babel__code-frame-7.0.6.tgz",
      "integrity": "sha512-Anitqkl3+KrzcW2k77lRlg/GfLZLWXBuNgbEcIOU6M92yw42vsd3xV/Z/yAHEj8m+KUjL6bWOVOFqX8PFPJ4LA==",
      "dev": true
    }
  }
}
